PODS:
  - AcknowList (1.9)
  - ActionSheetPicker-3.0 (2.3.1)
  - ActiveLabel (1.1.0)
  - BiometricAuthentication (2.2.1)
  - Crashlytics (3.14.0):
    - Fabric (~> 1.10.2)
  - Fabric (1.10.2)
  - IceCream (1.11.0):
    - RealmSwift
  - LKAlertController (1.12.2)
  - Loaf (0.5.0)
  - Realm (3.18.0):
    - Realm/Headers (= 3.18.0)
  - Realm/Headers (3.18.0)
  - RealmSwift (3.18.0):
    - Realm (= 3.18.0)
  - Robin (0.1.1)
  - RSTextViewMaster (2.1.2)
  - UnderKeyboard (13.0.2)

DEPENDENCIES:
  - AcknowList
  - ActionSheetPicker-3.0 (from `https://github.com/iPhoNewsRO/ActionSheetPicker-3.0`)
  - ActiveLabel
  - BiometricAuthentication (from `https://github.com/iPhoNewsRO/BiometricAuthentication`)
  - Crashlytics
  - Fabric
  - IceCream (from `https://github.com/iPhoNewsRO/IceCream.git`)
  - LKAlertController
  - Loaf
  - Realm
  - RealmSwift
  - Robin
  - RSTextViewMaster
  - UnderKeyboard

SPEC REPOS:
  https://github.com/cocoapods/specs.git:
    - AcknowList
    - ActiveLabel
    - Crashlytics
    - Fabric
    - LKAlertController
    - Loaf
    - Realm
    - RealmSwift
    - Robin
    - RSTextViewMaster
    - UnderKeyboard

EXTERNAL SOURCES:
  ActionSheetPicker-3.0:
    :git: https://github.com/iPhoNewsRO/ActionSheetPicker-3.0
  BiometricAuthentication:
    :git: https://github.com/iPhoNewsRO/BiometricAuthentication
  IceCream:
    :git: https://github.com/iPhoNewsRO/IceCream.git

CHECKOUT OPTIONS:
  ActionSheetPicker-3.0:
    :commit: 6b3aef31a4880d48b162c2afefe2910a9d8dd38e
    :git: https://github.com/iPhoNewsRO/ActionSheetPicker-3.0
  BiometricAuthentication:
    :commit: 57b7e915f9b25ded3879af4b131ff78265442d9a
    :git: https://github.com/iPhoNewsRO/BiometricAuthentication
  IceCream:
    :commit: dc2bbb19ac4f96d48d9adae8a3063d1f7038da5d
    :git: https://github.com/iPhoNewsRO/IceCream.git

SPEC CHECKSUMS:
  AcknowList: 06fde3319971dfd517ea1b1c194d78eb8cd774a2
  ActionSheetPicker-3.0: e011a1ab5c4db15eae954582c5a5a7d959be1dac
  ActiveLabel: 5e3f4de79a1952d4604b845a0610d4776e4b82b3
  BiometricAuthentication: 985cd6eeb87e933dc648c8e23220af067db3458d
  Crashlytics: 540b7e5f5da5a042647227a5e3ac51d85eed06df
  Fabric: 706c8b8098fff96c33c0db69cbf81f9c551d0d74
  IceCream: 43e8b76f937b1074752f2e33bb26c935400a63d5
  LKAlertController: 10c7e8627e5d4757d03b4f53469f35ded14c378f
  Loaf: 0800b444431366bc395d54267975d4ad4ad5c99c
  Realm: 7b3d04740facf45e958a514b466a32b04f1113d6
  RealmSwift: c817b5f374668cf08f649afb05f55d92a787649c
  Robin: 59dacf9ece2546b76a93967a4e0c6cbd55db2939
  RSTextViewMaster: 21b31d2c702b062cfcc4ead4fca0643e9d4a638f
  UnderKeyboard: 79ea6feb497af99c1856aaae0ab8ded3c739f745

PODFILE CHECKSUM: 3d830501fe273bd9bf14d3b367efabd999bd9165

COCOAPODS: 1.7.4
