PODS:
  - AcknowList (1.9.5)
  - ActionSheetPicker-3.0 (2.6.1)
  - ActiveLabel (1.1.0)
  - BulletinBoard (4.1.2)
  - IceCream (1.13.0):
    - RealmSwift
  - ImageViewer.swift (3.3.3)
  - LKAlertController (1.12.2)
  - Loaf (0.5.0)
  - Realm (5.4.8):
    - Realm/Headers (= 5.4.8)
  - Realm/Headers (5.4.8)
  - RealmSwift (5.4.8):
    - Realm (= 5.4.8)
  - Robin (0.1.1)
  - RSTextViewMaster (2.1.2)
  - UnderKeyboard (13.0.2)

DEPENDENCIES:
  - AcknowList
  - ActionSheetPicker-3.0 (from `https://github.com/skywinder/ActionSheetPicker-3.0`)
  - ActiveLabel
  - BulletinBoard
  - IceCream (from `https://github.com/rursache/IceCream.git`)
  - ImageViewer.swift
  - LKAlertController
  - Loaf
  - Realm
  - RealmSwift
  - Robin
  - RSTextViewMaster
  - UnderKeyboard

SPEC REPOS:
  trunk:
    - AcknowList
    - ActiveLabel
    - BulletinBoard
    - ImageViewer.swift
    - LKAlertController
    - Loaf
    - Realm
    - RealmSwift
    - Robin
    - RSTextViewMaster
    - UnderKeyboard

EXTERNAL SOURCES:
  ActionSheetPicker-3.0:
    :git: https://github.com/skywinder/ActionSheetPicker-3.0
  IceCream:
    :git: https://github.com/rursache/IceCream.git

CHECKOUT OPTIONS:
  ActionSheetPicker-3.0:
    :commit: 837a125c7b2c62c52d91aae159f0b3df03d43ccd
    :git: https://github.com/skywinder/ActionSheetPicker-3.0
  IceCream:
    :commit: 398749b546d64c7cf6fd49ce853538a868ca6807
    :git: https://github.com/rursache/IceCream.git

SPEC CHECKSUMS:
  AcknowList: 485f0e0da8ff7d5aaa8fb54bbff1da1f065e496c
  ActionSheetPicker-3.0: d7a91adbc3aa8126aadc070f1276b14216bfadd4
  ActiveLabel: 5e3f4de79a1952d4604b845a0610d4776e4b82b3
  BulletinBoard: 1c0cb191b6c6245d08f51bd2445f1e36414ec0ed
  IceCream: 1689e1952bd526922293c283a5938e8183e9e177
  ImageViewer.swift: 3dbb74a68ac4bdd6cdd585b3128dae17ccd733e5
  LKAlertController: 10c7e8627e5d4757d03b4f53469f35ded14c378f
  Loaf: 0800b444431366bc395d54267975d4ad4ad5c99c
  Realm: 042bbb59227a0159eda397b8a5a49fbd67495ce7
  RealmSwift: 15ddd6b3398ebfc99810811c44f095df1313adb3
  Robin: 59dacf9ece2546b76a93967a4e0c6cbd55db2939
  RSTextViewMaster: 21b31d2c702b062cfcc4ead4fca0643e9d4a638f
  UnderKeyboard: 79ea6feb497af99c1856aaae0ab8ded3c739f745

PODFILE CHECKSUM: 1c3e6be2deb52002574643e99e734448d3356064

COCOAPODS: 1.10.0.rc.1
