// !$*UTF8*$!
{
	archiveVersion = 1;
	classes = {
	};
	objectVersion = 52;
	objects = {

/* Begin PBXBuildFile section */
		170DEDFE2672916600024B70 /* IceCream in Frameworks */ = {isa = PBXBuildFile; productRef = 170DEDFD2672916600024B70 /* IceCream */; };
		1710DD2923CF5C46000E64F4 /* Main-iPad.storyboard in Resources */ = {isa = PBXBuildFile; fileRef = 1710DD2823CF5C46000E64F4 /* Main-iPad.storyboard */; };
		1718BE4523CCBB19009D591A /* NotificationCenter.framework in Frameworks */ = {isa = PBXBuildFile; fileRef = 1718BE4423CCBB19009D591A /* NotificationCenter.framework */; };
		1718BE4823CCBB19009D591A /* TodayViewController.swift in Sources */ = {isa = PBXBuildFile; fileRef = 1718BE4723CCBB19009D591A /* TodayViewController.swift */; };
		1718BE4B23CCBB19009D591A /* MainInterface.storyboard in Resources */ = {isa = PBXBuildFile; fileRef = 1718BE4923CCBB19009D591A /* MainInterface.storyboard */; };
		1718BE4F23CCBB19009D591A /* ToDoListWidget.appex in Embed App Extensions */ = {isa = PBXBuildFile; fileRef = 1718BE4323CCBB19009D591A /* ToDoListWidget.appex */; platformFilter = ios; settings = {ATTRIBUTES = (RemoveHeadersOnCopy, ); }; };
		1718BE5523CCBEBA009D591A /* HomeItemModel.swift in Sources */ = {isa = PBXBuildFile; fileRef = 17EBE588221EC963005A9253 /* HomeItemModel.swift */; };
		1718BE5623CCBEBA009D591A /* SettingsItemModel.swift in Sources */ = {isa = PBXBuildFile; fileRef = 172CCD8722241AAD00240725 /* SettingsItemModel.swift */; };
		1718BE5723CCBEBA009D591A /* TaskModel.swift in Sources */ = {isa = PBXBuildFile; fileRef = 17EBE586221EC954005A9253 /* TaskModel.swift */; };
		1718BE5823CCBEBA009D591A /* CommentModel.swift in Sources */ = {isa = PBXBuildFile; fileRef = 17EBE58A221EC9F2005A9253 /* CommentModel.swift */; };
		1718BE5923CCBEBA009D591A /* NotificationModel.swift in Sources */ = {isa = PBXBuildFile; fileRef = 17ABEB6E2227D57C006C6C28 /* NotificationModel.swift */; };
		1718BE5A23CCBEBA009D591A /* LanguageModel.swift in Sources */ = {isa = PBXBuildFile; fileRef = 17D62B612224813A0085D628 /* LanguageModel.swift */; };
		1718BE5B23CCBEBA009D591A /* ThemeModel.swift in Sources */ = {isa = PBXBuildFile; fileRef = 17D62B5F22247C390085D628 /* ThemeModel.swift */; };
		1718BE5C23CCBF3C009D591A /* RealmManager.swift in Sources */ = {isa = PBXBuildFile; fileRef = 17EBE58F221ED8B1005A9253 /* RealmManager.swift */; };
		1718BE5D23CCBF4C009D591A /* Utils.swift in Sources */ = {isa = PBXBuildFile; fileRef = 17D18D54221D5F0D005C647B /* Utils.swift */; };
		1718BE5E23CCBF4F009D591A /* Extensions.swift in Sources */ = {isa = PBXBuildFile; fileRef = 17C1776D222EB2FE00B2E84F /* Extensions.swift */; };
		1718BE5F23CCBF58009D591A /* Config.swift in Sources */ = {isa = PBXBuildFile; fileRef = 17D18D52221D5F01005C647B /* Config.swift */; };
		1718BE6123CCC528009D591A /* WidgetCell.swift in Sources */ = {isa = PBXBuildFile; fileRef = 1718BE6023CCC528009D591A /* WidgetCell.swift */; };
		1718BE6223CCD4B8009D591A /* Assets.xcassets in Resources */ = {isa = PBXBuildFile; fileRef = 17D18D45221D56C5005C647B /* Assets.xcassets */; };
		171D5BDC23D0AD680051ABD9 /* ThemeTableViewCell.swift in Sources */ = {isa = PBXBuildFile; fileRef = 171D5BDB23D0AD680051ABD9 /* ThemeTableViewCell.swift */; };
		171D5BDF23D0ADD30051ABD9 /* ThemeViewController.swift in Sources */ = {isa = PBXBuildFile; fileRef = 171D5BDE23D0ADD30051ABD9 /* ThemeViewController.swift */; };
		171D5BE123D0D35C0051ABD9 /* OnboardingDataSource.swift in Sources */ = {isa = PBXBuildFile; fileRef = 171D5BE023D0D35C0051ABD9 /* OnboardingDataSource.swift */; };
		171D5BE623D10B800051ABD9 /* IconPinkAlt@3x.png in Resources */ = {isa = PBXBuildFile; fileRef = 171D5BE423D10B800051ABD9 /* IconPinkAlt@3x.png */; };
		171D5BE723D10B800051ABD9 /* IconPinkAlt@2x.png in Resources */ = {isa = PBXBuildFile; fileRef = 171D5BE523D10B800051ABD9 /* IconPinkAlt@2x.png */; };
		17278CC823CE05880014B8B2 /* Interface.storyboard in Resources */ = {isa = PBXBuildFile; fileRef = 17278CC623CE05880014B8B2 /* Interface.storyboard */; };
		17278CCA23CE05890014B8B2 /* Assets.xcassets in Resources */ = {isa = PBXBuildFile; fileRef = 17278CC923CE05890014B8B2 /* Assets.xcassets */; };
		17278CD123CE05890014B8B2 /* WatchApp Extension.appex in Embed App Extensions */ = {isa = PBXBuildFile; fileRef = 17278CD023CE05890014B8B2 /* WatchApp Extension.appex */; settings = {ATTRIBUTES = (RemoveHeadersOnCopy, ); }; };
		17278CD623CE05890014B8B2 /* InterfaceController.swift in Sources */ = {isa = PBXBuildFile; fileRef = 17278CD523CE05890014B8B2 /* InterfaceController.swift */; };
		17278CD823CE05890014B8B2 /* ExtensionDelegate.swift in Sources */ = {isa = PBXBuildFile; fileRef = 17278CD723CE05890014B8B2 /* ExtensionDelegate.swift */; };
		17278CDA23CE05890014B8B2 /* NotificationController.swift in Sources */ = {isa = PBXBuildFile; fileRef = 17278CD923CE05890014B8B2 /* NotificationController.swift */; };
		17278CDC23CE05890014B8B2 /* ComplicationController.swift in Sources */ = {isa = PBXBuildFile; fileRef = 17278CDB23CE05890014B8B2 /* ComplicationController.swift */; };
		17278CDE23CE05890014B8B2 /* Assets.xcassets in Resources */ = {isa = PBXBuildFile; fileRef = 17278CDD23CE05890014B8B2 /* Assets.xcassets */; };
		17278CE323CE05890014B8B2 /* WatchApp.app in Embed Watch Content */ = {isa = PBXBuildFile; fileRef = 17278CC423CE05880014B8B2 /* WatchApp.app */; platformFilter = ios; settings = {ATTRIBUTES = (RemoveHeadersOnCopy, ); }; };
		172CCD7B2220916700240725 /* CommentsViewController.swift in Sources */ = {isa = PBXBuildFile; fileRef = 172CCD7A2220916700240725 /* CommentsViewController.swift */; };
		172CCD7D2220947000240725 /* CommentTableViewCell.swift in Sources */ = {isa = PBXBuildFile; fileRef = 172CCD7C2220947000240725 /* CommentTableViewCell.swift */; };
		172CCD7F2221776700240725 /* TaskTableViewCell.swift in Sources */ = {isa = PBXBuildFile; fileRef = 172CCD7E2221776700240725 /* TaskTableViewCell.swift */; };
		172CCD812221C82E00240725 /* CloudKit.framework in Frameworks */ = {isa = PBXBuildFile; fileRef = 172CCD802221C82E00240725 /* CloudKit.framework */; };
		172CCD832224189200240725 /* SettingsViewController.swift in Sources */ = {isa = PBXBuildFile; fileRef = 172CCD822224189200240725 /* SettingsViewController.swift */; };
		172CCD8622241A3600240725 /* SettingsTableViewCell.swift in Sources */ = {isa = PBXBuildFile; fileRef = 172CCD8522241A3600240725 /* SettingsTableViewCell.swift */; };
		172CCD8822241AAD00240725 /* SettingsItemModel.swift in Sources */ = {isa = PBXBuildFile; fileRef = 172CCD8722241AAD00240725 /* SettingsItemModel.swift */; };
		172CCD9922253CC800240725 /* IconGreen@2x.png in Resources */ = {isa = PBXBuildFile; fileRef = 172CCD8D22253CC700240725 /* IconGreen@2x.png */; };
		172CCD9A22253CC800240725 /* IconBlue@3x.png in Resources */ = {isa = PBXBuildFile; fileRef = 172CCD8E22253CC700240725 /* IconBlue@3x.png */; };
		172CCD9B22253CC800240725 /* IconGreen@3x.png in Resources */ = {isa = PBXBuildFile; fileRef = 172CCD8F22253CC700240725 /* IconGreen@3x.png */; };
		172CCD9C22253CC800240725 /* IconRed(Alt)@2x.png in Resources */ = {isa = PBXBuildFile; fileRef = 172CCD9022253CC700240725 /* IconRed(Alt)@2x.png */; };
		172CCD9D22253CC800240725 /* IconYellow@3x.png in Resources */ = {isa = PBXBuildFile; fileRef = 172CCD9122253CC700240725 /* IconYellow@3x.png */; };
		172CCD9E22253CC800240725 /* IconOrange@2x.png in Resources */ = {isa = PBXBuildFile; fileRef = 172CCD9222253CC700240725 /* IconOrange@2x.png */; };
		172CCD9F22253CC800240725 /* IconBlack@3x.png in Resources */ = {isa = PBXBuildFile; fileRef = 172CCD9322253CC700240725 /* IconBlack@3x.png */; };
		172CCDA022253CC800240725 /* IconYellow@2x.png in Resources */ = {isa = PBXBuildFile; fileRef = 172CCD9422253CC800240725 /* IconYellow@2x.png */; };
		172CCDA122253CC800240725 /* IconBlack@2x.png in Resources */ = {isa = PBXBuildFile; fileRef = 172CCD9522253CC800240725 /* IconBlack@2x.png */; };
		172CCDA222253CC800240725 /* IconOrange@3x.png in Resources */ = {isa = PBXBuildFile; fileRef = 172CCD9622253CC800240725 /* IconOrange@3x.png */; };
		172CCDA322253CC800240725 /* IconBlue@2x.png in Resources */ = {isa = PBXBuildFile; fileRef = 172CCD9722253CC800240725 /* IconBlue@2x.png */; };
		172CCDA422253CC800240725 /* IconRed(Alt)@3x.png in Resources */ = {isa = PBXBuildFile; fileRef = 172CCD9822253CC800240725 /* IconRed(Alt)@3x.png */; };
		172CCDA722253FB700240725 /* IconPink@2x.png in Resources */ = {isa = PBXBuildFile; fileRef = 172CCDA522253FB700240725 /* IconPink@2x.png */; };
		172CCDA822253FB700240725 /* IconPink@3x.png in Resources */ = {isa = PBXBuildFile; fileRef = 172CCDA622253FB700240725 /* IconPink@3x.png */; };
		172CCDAB222542AF00240725 /* IconNight@2x.png in Resources */ = {isa = PBXBuildFile; fileRef = 172CCDA9222542AF00240725 /* IconNight@2x.png */; };
		172CCDAC222542AF00240725 /* IconNight@3x.png in Resources */ = {isa = PBXBuildFile; fileRef = 172CCDAA222542AF00240725 /* IconNight@3x.png */; };
		172F55792361A04D00B2B8BB /* Localizable.strings in Resources */ = {isa = PBXBuildFile; fileRef = 172F557B2361A04D00B2B8BB /* Localizable.strings */; };
		1745401D222EBFAC00B2CA7B /* RemindersViewController.swift in Sources */ = {isa = PBXBuildFile; fileRef = 1745401C222EBFAC00B2CA7B /* RemindersViewController.swift */; };
		1745401F222ECB2A00B2CA7B /* ReminderTableViewCell.swift in Sources */ = {isa = PBXBuildFile; fileRef = 1745401E222ECB2A00B2CA7B /* ReminderTableViewCell.swift */; };
		17744BA623CE0EF000751502 /* RowController.swift in Sources */ = {isa = PBXBuildFile; fileRef = 17744BA523CE0EF000751502 /* RowController.swift */; };
		17744BA723CE165F00751502 /* RealmManager.swift in Sources */ = {isa = PBXBuildFile; fileRef = 17EBE58F221ED8B1005A9253 /* RealmManager.swift */; };
		17744BA823CE16AC00751502 /* TaskModel.swift in Sources */ = {isa = PBXBuildFile; fileRef = 17EBE586221EC954005A9253 /* TaskModel.swift */; };
		17744BA923CE16CC00751502 /* CommentModel.swift in Sources */ = {isa = PBXBuildFile; fileRef = 17EBE58A221EC9F2005A9253 /* CommentModel.swift */; };
		17744BAA23CE16E100751502 /* NotificationModel.swift in Sources */ = {isa = PBXBuildFile; fileRef = 17ABEB6E2227D57C006C6C28 /* NotificationModel.swift */; };
		17744BAC23CE2F5400751502 /* ThemeModel.swift in Sources */ = {isa = PBXBuildFile; fileRef = 17D62B5F22247C390085D628 /* ThemeModel.swift */; };
		17744BAD23CE2F6200751502 /* LanguageModel.swift in Sources */ = {isa = PBXBuildFile; fileRef = 17D62B612224813A0085D628 /* LanguageModel.swift */; };
		17744BAF23CE3FD100751502 /* CommentImageTableViewCell.swift in Sources */ = {isa = PBXBuildFile; fileRef = 17744BAE23CE3FD100751502 /* CommentImageTableViewCell.swift */; };
		17ABEB6F2227D57C006C6C28 /* NotificationModel.swift in Sources */ = {isa = PBXBuildFile; fileRef = 17ABEB6E2227D57C006C6C28 /* NotificationModel.swift */; };
		17C1776B222D6BA300B2E84F /* ActionSheetDateTimeRangePicker.swift in Sources */ = {isa = PBXBuildFile; fileRef = 17C17769222D6BA200B2E84F /* ActionSheetDateTimeRangePicker.swift */; };
		17C1776E222EB2FE00B2E84F /* Extensions.swift in Sources */ = {isa = PBXBuildFile; fileRef = 17C1776D222EB2FE00B2E84F /* Extensions.swift */; };
		17D18D3F221D56C4005C647B /* AppDelegate.swift in Sources */ = {isa = PBXBuildFile; fileRef = 17D18D3E221D56C4005C647B /* AppDelegate.swift */; };
		17D18D41221D56C4005C647B /* HomeViewController.swift in Sources */ = {isa = PBXBuildFile; fileRef = 17D18D40221D56C4005C647B /* HomeViewController.swift */; };
		17D18D44221D56C4005C647B /* Main.storyboard in Resources */ = {isa = PBXBuildFile; fileRef = 17D18D42221D56C4005C647B /* Main.storyboard */; };
		17D18D46221D56C5005C647B /* Assets.xcassets in Resources */ = {isa = PBXBuildFile; fileRef = 17D18D45221D56C5005C647B /* Assets.xcassets */; };
		17D18D49221D56C5005C647B /* LaunchScreen.storyboard in Resources */ = {isa = PBXBuildFile; fileRef = 17D18D47221D56C5005C647B /* LaunchScreen.storyboard */; };
		17D18D53221D5F01005C647B /* Config.swift in Sources */ = {isa = PBXBuildFile; fileRef = 17D18D52221D5F01005C647B /* Config.swift */; };
		17D18D55221D5F0D005C647B /* Utils.swift in Sources */ = {isa = PBXBuildFile; fileRef = 17D18D54221D5F0D005C647B /* Utils.swift */; };
		17D62B6022247C390085D628 /* ThemeModel.swift in Sources */ = {isa = PBXBuildFile; fileRef = 17D62B5F22247C390085D628 /* ThemeModel.swift */; };
		17D62B622224813A0085D628 /* LanguageModel.swift in Sources */ = {isa = PBXBuildFile; fileRef = 17D62B612224813A0085D628 /* LanguageModel.swift */; };
		17E5CE742672872D0096F9FB /* LKAlertController in Frameworks */ = {isa = PBXBuildFile; productRef = 17E5CE732672872D0096F9FB /* LKAlertController */; };
		17E5CE772672873E0096F9FB /* RSTextViewMaster in Frameworks */ = {isa = PBXBuildFile; productRef = 17E5CE762672873E0096F9FB /* RSTextViewMaster */; };
		17E5CE7A2672874B0096F9FB /* ActiveLabel in Frameworks */ = {isa = PBXBuildFile; productRef = 17E5CE792672874B0096F9FB /* ActiveLabel */; };
		17E5CE80267287AD0096F9FB /* ActionSheetPicker-3.0 in Frameworks */ = {isa = PBXBuildFile; productRef = 17E5CE7F267287AD0096F9FB /* ActionSheetPicker-3.0 */; };
		17E5CE89267287DF0096F9FB /* Loaf in Frameworks */ = {isa = PBXBuildFile; productRef = 17E5CE88267287DF0096F9FB /* Loaf */; };
		17E5CE8C267288620096F9FB /* Robin in Frameworks */ = {isa = PBXBuildFile; productRef = 17E5CE8B267288620096F9FB /* Robin */; };
		17E5CE8F267288780096F9FB /* ImageViewer_swift in Frameworks */ = {isa = PBXBuildFile; productRef = 17E5CE8E267288780096F9FB /* ImageViewer_swift */; };
		17E5CE92267288850096F9FB /* BLTNBoard in Frameworks */ = {isa = PBXBuildFile; productRef = 17E5CE91267288850096F9FB /* BLTNBoard */; };
		17E5CE95267288FB0096F9FB /* UnderKeyboard in Frameworks */ = {isa = PBXBuildFile; productRef = 17E5CE94267288FB0096F9FB /* UnderKeyboard */; };
		17E5CE9826728A110096F9FB /* Realm in Frameworks */ = {isa = PBXBuildFile; productRef = 17E5CE9726728A110096F9FB /* Realm */; };
		17E5CE9A26728A110096F9FB /* RealmSwift in Frameworks */ = {isa = PBXBuildFile; productRef = 17E5CE9926728A110096F9FB /* RealmSwift */; };
		17E5CE9D26728A1E0096F9FB /* IceCream in Frameworks */ = {isa = PBXBuildFile; productRef = 17E5CE9C26728A1E0096F9FB /* IceCream */; };
		17E5CEA326728A2C0096F9FB /* Realm in Frameworks */ = {isa = PBXBuildFile; productRef = 17E5CEA226728A2C0096F9FB /* Realm */; };
		17E5CEA526728A2C0096F9FB /* RealmSwift in Frameworks */ = {isa = PBXBuildFile; productRef = 17E5CEA426728A2C0096F9FB /* RealmSwift */; };
		17E5CEA726728AD50096F9FB /* Realm in Frameworks */ = {isa = PBXBuildFile; productRef = 17E5CEA626728AD50096F9FB /* Realm */; };
		17E5CEA926728AD50096F9FB /* RealmSwift in Frameworks */ = {isa = PBXBuildFile; productRef = 17E5CEA826728AD50096F9FB /* RealmSwift */; };
		17E5CEAB26728B540096F9FB /* Realm in Frameworks */ = {isa = PBXBuildFile; productRef = 17E5CEAA26728B540096F9FB /* Realm */; };
		17E5CEAD26728B540096F9FB /* RealmSwift in Frameworks */ = {isa = PBXBuildFile; productRef = 17E5CEAC26728B540096F9FB /* RealmSwift */; };
		17E5CEAF26728B8A0096F9FB /* ImageViewer_swift in Frameworks */ = {isa = PBXBuildFile; productRef = 17E5CEAE26728B8A0096F9FB /* ImageViewer_swift */; };
		17E5CEB126728C430096F9FB /* Robin in Frameworks */ = {isa = PBXBuildFile; productRef = 17E5CEB026728C430096F9FB /* Robin */; };
		17E5CEB326728C4B0096F9FB /* Loaf in Frameworks */ = {isa = PBXBuildFile; productRef = 17E5CEB226728C4B0096F9FB /* Loaf */; };
		17E5CEB526728C740096F9FB /* LKAlertController in Frameworks */ = {isa = PBXBuildFile; productRef = 17E5CEB426728C740096F9FB /* LKAlertController */; };
		17EBE584221EB370005A9253 /* BaseViewController.swift in Sources */ = {isa = PBXBuildFile; fileRef = 17EBE583221EB370005A9253 /* BaseViewController.swift */; };
		17EBE587221EC954005A9253 /* TaskModel.swift in Sources */ = {isa = PBXBuildFile; fileRef = 17EBE586221EC954005A9253 /* TaskModel.swift */; };
		17EBE589221EC963005A9253 /* HomeItemModel.swift in Sources */ = {isa = PBXBuildFile; fileRef = 17EBE588221EC963005A9253 /* HomeItemModel.swift */; };
		17EBE58B221EC9F2005A9253 /* CommentModel.swift in Sources */ = {isa = PBXBuildFile; fileRef = 17EBE58A221EC9F2005A9253 /* CommentModel.swift */; };
		17EBE58E221ECC0A005A9253 /* HomeTableViewCell.swift in Sources */ = {isa = PBXBuildFile; fileRef = 17EBE58D221ECC0A005A9253 /* HomeTableViewCell.swift */; };
		17EBE590221ED8B1005A9253 /* RealmManager.swift in Sources */ = {isa = PBXBuildFile; fileRef = 17EBE58F221ED8B1005A9253 /* RealmManager.swift */; };
		17EBE593221EE584005A9253 /* TasksViewController.swift in Sources */ = {isa = PBXBuildFile; fileRef = 17EBE592221EE584005A9253 /* TasksViewController.swift */; };
		17EBE595221EE588005A9253 /* EditTaskViewController.swift in Sources */ = {isa = PBXBuildFile; fileRef = 17EBE594221EE588005A9253 /* EditTaskViewController.swift */; };
		17F03A2423CF4ED400E01D84 /* Localizable.strings in Resources */ = {isa = PBXBuildFile; fileRef = 172F557B2361A04D00B2B8BB /* Localizable.strings */; };
		17F03A2523CF4ED600E01D84 /* Localizable.strings in Resources */ = {isa = PBXBuildFile; fileRef = 172F557B2361A04D00B2B8BB /* Localizable.strings */; };
		17F03A2623CF4ED600E01D84 /* Localizable.strings in Resources */ = {isa = PBXBuildFile; fileRef = 172F557B2361A04D00B2B8BB /* Localizable.strings */; };
		386A95912461386B00EFA592 /* InfoPlist.strings in Resources */ = {isa = PBXBuildFile; fileRef = 386A95932461386B00EFA592 /* InfoPlist.strings */; };
/* End PBXBuildFile section */

/* Begin PBXContainerItemProxy section */
		1718BE4D23CCBB19009D591A /* PBXContainerItemProxy */ = {
			isa = PBXContainerItemProxy;
			containerPortal = 17D18D33221D56C4005C647B /* Project object */;
			proxyType = 1;
			remoteGlobalIDString = 1718BE4223CCBB19009D591A;
			remoteInfo = ToDoListWidget;
		};
		17278CD223CE05890014B8B2 /* PBXContainerItemProxy */ = {
			isa = PBXContainerItemProxy;
			containerPortal = 17D18D33221D56C4005C647B /* Project object */;
			proxyType = 1;
			remoteGlobalIDString = 17278CCF23CE05890014B8B2;
			remoteInfo = "WatchApp Extension";
		};
		17278CE123CE05890014B8B2 /* PBXContainerItemProxy */ = {
			isa = PBXContainerItemProxy;
			containerPortal = 17D18D33221D56C4005C647B /* Project object */;
			proxyType = 1;
			remoteGlobalIDString = 17278CC323CE05880014B8B2;
			remoteInfo = WatchApp;
		};
/* End PBXContainerItemProxy section */

/* Begin PBXCopyFilesBuildPhase section */
		1718BE5023CCBB19009D591A /* Embed App Extensions */ = {
			isa = PBXCopyFilesBuildPhase;
			buildActionMask = 2147483647;
			dstPath = "";
			dstSubfolderSpec = 13;
			files = (
				1718BE4F23CCBB19009D591A /* ToDoListWidget.appex in Embed App Extensions */,
			);
			name = "Embed App Extensions";
			runOnlyForDeploymentPostprocessing = 0;
		};
		17278CE423CE058A0014B8B2 /* Embed Watch Content */ = {
			isa = PBXCopyFilesBuildPhase;
			buildActionMask = 2147483647;
			dstPath = "$(CONTENTS_FOLDER_PATH)/Watch";
			dstSubfolderSpec = 16;
			files = (
				17278CE323CE05890014B8B2 /* WatchApp.app in Embed Watch Content */,
			);
			name = "Embed Watch Content";
			runOnlyForDeploymentPostprocessing = 0;
		};
		17278CE723CE058A0014B8B2 /* Embed App Extensions */ = {
			isa = PBXCopyFilesBuildPhase;
			buildActionMask = 2147483647;
			dstPath = "";
			dstSubfolderSpec = 13;
			files = (
				17278CD123CE05890014B8B2 /* WatchApp Extension.appex in Embed App Extensions */,
			);
			name = "Embed App Extensions";
			runOnlyForDeploymentPostprocessing = 0;
		};
/* End PBXCopyFilesBuildPhase section */

/* Begin PBXFileReference section */
		170DEDFC267290D000024B70 /* README.md */ = {isa = PBXFileReference; lastKnownFileType = net.daringfireball.markdown; path = README.md; sourceTree = "<group>"; };
		1710DD2823CF5C46000E64F4 /* Main-iPad.storyboard */ = {isa = PBXFileReference; lastKnownFileType = file.storyboard; path = "Main-iPad.storyboard"; sourceTree = "<group>"; };
		1718BE4323CCBB19009D591A /* ToDoListWidget.appex */ = {isa = PBXFileReference; explicitFileType = "wrapper.app-extension"; includeInIndex = 0; path = ToDoListWidget.appex; sourceTree = BUILT_PRODUCTS_DIR; };
		1718BE4423CCBB19009D591A /* NotificationCenter.framework */ = {isa = PBXFileReference; lastKnownFileType = wrapper.framework; name = NotificationCenter.framework; path = System/Library/Frameworks/NotificationCenter.framework; sourceTree = SDKROOT; };
		1718BE4723CCBB19009D591A /* TodayViewController.swift */ = {isa = PBXFileReference; lastKnownFileType = sourcecode.swift; path = TodayViewController.swift; sourceTree = "<group>"; };
		1718BE4A23CCBB19009D591A /* Base */ = {isa = PBXFileReference; lastKnownFileType = file.storyboard; name = Base; path = Base.lproj/MainInterface.storyboard; sourceTree = "<group>"; };
		1718BE4C23CCBB19009D591A /* Info.plist */ = {isa = PBXFileReference; lastKnownFileType = text.plist.xml; path = Info.plist; sourceTree = "<group>"; };
		1718BE5423CCBC55009D591A /* ToDoList.entitlements */ = {isa = PBXFileReference; lastKnownFileType = text.plist.entitlements; path = ToDoList.entitlements; sourceTree = "<group>"; };
		1718BE6023CCC528009D591A /* WidgetCell.swift */ = {isa = PBXFileReference; lastKnownFileType = sourcecode.swift; path = WidgetCell.swift; sourceTree = "<group>"; };
		171D5BDB23D0AD680051ABD9 /* ThemeTableViewCell.swift */ = {isa = PBXFileReference; lastKnownFileType = sourcecode.swift; path = ThemeTableViewCell.swift; sourceTree = "<group>"; };
		171D5BDE23D0ADD30051ABD9 /* ThemeViewController.swift */ = {isa = PBXFileReference; lastKnownFileType = sourcecode.swift; path = ThemeViewController.swift; sourceTree = "<group>"; };
		171D5BE023D0D35C0051ABD9 /* OnboardingDataSource.swift */ = {isa = PBXFileReference; lastKnownFileType = sourcecode.swift; path = OnboardingDataSource.swift; sourceTree = "<group>"; };
		171D5BE423D10B800051ABD9 /* IconPinkAlt@3x.png */ = {isa = PBXFileReference; lastKnownFileType = image.png; path = "IconPinkAlt@3x.png"; sourceTree = "<group>"; };
		171D5BE523D10B800051ABD9 /* IconPinkAlt@2x.png */ = {isa = PBXFileReference; lastKnownFileType = image.png; path = "IconPinkAlt@2x.png"; sourceTree = "<group>"; };
		17278CC423CE05880014B8B2 /* WatchApp.app */ = {isa = PBXFileReference; explicitFileType = wrapper.application; includeInIndex = 0; path = WatchApp.app; sourceTree = BUILT_PRODUCTS_DIR; };
		17278CC723CE05880014B8B2 /* Base */ = {isa = PBXFileReference; lastKnownFileType = file.storyboard; name = Base; path = Base.lproj/Interface.storyboard; sourceTree = "<group>"; };
		17278CC923CE05890014B8B2 /* Assets.xcassets */ = {isa = PBXFileReference; lastKnownFileType = folder.assetcatalog; path = Assets.xcassets; sourceTree = "<group>"; };
		17278CCB23CE05890014B8B2 /* Info.plist */ = {isa = PBXFileReference; lastKnownFileType = text.plist.xml; path = Info.plist; sourceTree = "<group>"; };
		17278CD023CE05890014B8B2 /* WatchApp Extension.appex */ = {isa = PBXFileReference; explicitFileType = "wrapper.app-extension"; includeInIndex = 0; path = "WatchApp Extension.appex"; sourceTree = BUILT_PRODUCTS_DIR; };
		17278CD523CE05890014B8B2 /* InterfaceController.swift */ = {isa = PBXFileReference; lastKnownFileType = sourcecode.swift; path = InterfaceController.swift; sourceTree = "<group>"; };
		17278CD723CE05890014B8B2 /* ExtensionDelegate.swift */ = {isa = PBXFileReference; lastKnownFileType = sourcecode.swift; path = ExtensionDelegate.swift; sourceTree = "<group>"; };
		17278CD923CE05890014B8B2 /* NotificationController.swift */ = {isa = PBXFileReference; lastKnownFileType = sourcecode.swift; path = NotificationController.swift; sourceTree = "<group>"; };
		17278CDB23CE05890014B8B2 /* ComplicationController.swift */ = {isa = PBXFileReference; lastKnownFileType = sourcecode.swift; path = ComplicationController.swift; sourceTree = "<group>"; };
		17278CDD23CE05890014B8B2 /* Assets.xcassets */ = {isa = PBXFileReference; lastKnownFileType = folder.assetcatalog; path = Assets.xcassets; sourceTree = "<group>"; };
		17278CDF23CE05890014B8B2 /* Info.plist */ = {isa = PBXFileReference; lastKnownFileType = text.plist.xml; path = Info.plist; sourceTree = "<group>"; };
		17278CE023CE05890014B8B2 /* PushNotificationPayload.apns */ = {isa = PBXFileReference; lastKnownFileType = text; path = PushNotificationPayload.apns; sourceTree = "<group>"; };
		172B0EBE246555510033C6A7 /* ro */ = {isa = PBXFileReference; lastKnownFileType = text.plist.strings; name = ro; path = ro.lproj/MainInterface.strings; sourceTree = "<group>"; };
		172B0EC0246555520033C6A7 /* en */ = {isa = PBXFileReference; lastKnownFileType = text.plist.strings; name = en; path = en.lproj/MainInterface.strings; sourceTree = "<group>"; };
		172B0EC2246555650033C6A7 /* en */ = {isa = PBXFileReference; lastKnownFileType = text.plist.strings; name = en; path = en.lproj/Interface.strings; sourceTree = "<group>"; };
		172B0EC4246555660033C6A7 /* ro */ = {isa = PBXFileReference; lastKnownFileType = text.plist.strings; name = ro; path = ro.lproj/Interface.strings; sourceTree = "<group>"; };
		172CCD7A2220916700240725 /* CommentsViewController.swift */ = {isa = PBXFileReference; lastKnownFileType = sourcecode.swift; path = CommentsViewController.swift; sourceTree = "<group>"; };
		172CCD7C2220947000240725 /* CommentTableViewCell.swift */ = {isa = PBXFileReference; lastKnownFileType = sourcecode.swift; path = CommentTableViewCell.swift; sourceTree = "<group>"; };
		172CCD7E2221776700240725 /* TaskTableViewCell.swift */ = {isa = PBXFileReference; lastKnownFileType = sourcecode.swift; path = TaskTableViewCell.swift; sourceTree = "<group>"; };
		172CCD802221C82E00240725 /* CloudKit.framework */ = {isa = PBXFileReference; lastKnownFileType = wrapper.framework; name = CloudKit.framework; path = System/Library/Frameworks/CloudKit.framework; sourceTree = SDKROOT; };
		172CCD822224189200240725 /* SettingsViewController.swift */ = {isa = PBXFileReference; lastKnownFileType = sourcecode.swift; path = SettingsViewController.swift; sourceTree = "<group>"; };
		172CCD8522241A3600240725 /* SettingsTableViewCell.swift */ = {isa = PBXFileReference; lastKnownFileType = sourcecode.swift; path = SettingsTableViewCell.swift; sourceTree = "<group>"; };
		172CCD8722241AAD00240725 /* SettingsItemModel.swift */ = {isa = PBXFileReference; lastKnownFileType = sourcecode.swift; path = SettingsItemModel.swift; sourceTree = "<group>"; };
		172CCD8D22253CC700240725 /* IconGreen@2x.png */ = {isa = PBXFileReference; lastKnownFileType = image.png; path = "IconGreen@2x.png"; sourceTree = "<group>"; };
		172CCD8E22253CC700240725 /* IconBlue@3x.png */ = {isa = PBXFileReference; lastKnownFileType = image.png; path = "IconBlue@3x.png"; sourceTree = "<group>"; };
		172CCD8F22253CC700240725 /* IconGreen@3x.png */ = {isa = PBXFileReference; lastKnownFileType = image.png; path = "IconGreen@3x.png"; sourceTree = "<group>"; };
		172CCD9022253CC700240725 /* IconRed(Alt)@2x.png */ = {isa = PBXFileReference; lastKnownFileType = image.png; path = "IconRed(Alt)@2x.png"; sourceTree = "<group>"; };
		172CCD9122253CC700240725 /* IconYellow@3x.png */ = {isa = PBXFileReference; lastKnownFileType = image.png; path = "IconYellow@3x.png"; sourceTree = "<group>"; };
		172CCD9222253CC700240725 /* IconOrange@2x.png */ = {isa = PBXFileReference; lastKnownFileType = image.png; path = "IconOrange@2x.png"; sourceTree = "<group>"; };
		172CCD9322253CC700240725 /* IconBlack@3x.png */ = {isa = PBXFileReference; lastKnownFileType = image.png; path = "IconBlack@3x.png"; sourceTree = "<group>"; };
		172CCD9422253CC800240725 /* IconYellow@2x.png */ = {isa = PBXFileReference; lastKnownFileType = image.png; path = "IconYellow@2x.png"; sourceTree = "<group>"; };
		172CCD9522253CC800240725 /* IconBlack@2x.png */ = {isa = PBXFileReference; lastKnownFileType = image.png; path = "IconBlack@2x.png"; sourceTree = "<group>"; };
		172CCD9622253CC800240725 /* IconOrange@3x.png */ = {isa = PBXFileReference; lastKnownFileType = image.png; path = "IconOrange@3x.png"; sourceTree = "<group>"; };
		172CCD9722253CC800240725 /* IconBlue@2x.png */ = {isa = PBXFileReference; lastKnownFileType = image.png; path = "IconBlue@2x.png"; sourceTree = "<group>"; };
		172CCD9822253CC800240725 /* IconRed(Alt)@3x.png */ = {isa = PBXFileReference; lastKnownFileType = image.png; path = "IconRed(Alt)@3x.png"; sourceTree = "<group>"; };
		172CCDA522253FB700240725 /* IconPink@2x.png */ = {isa = PBXFileReference; lastKnownFileType = image.png; path = "IconPink@2x.png"; sourceTree = "<group>"; };
		172CCDA622253FB700240725 /* IconPink@3x.png */ = {isa = PBXFileReference; lastKnownFileType = image.png; path = "IconPink@3x.png"; sourceTree = "<group>"; };
		172CCDA9222542AF00240725 /* IconNight@2x.png */ = {isa = PBXFileReference; lastKnownFileType = image.png; path = "IconNight@2x.png"; sourceTree = "<group>"; };
		172CCDAA222542AF00240725 /* IconNight@3x.png */ = {isa = PBXFileReference; lastKnownFileType = image.png; path = "IconNight@3x.png"; sourceTree = "<group>"; };
		172F557A2361A04D00B2B8BB /* en */ = {isa = PBXFileReference; lastKnownFileType = text.plist.strings; name = en; path = en.lproj/Localizable.strings; sourceTree = "<group>"; };
		172F557C2361A7E300B2B8BB /* ro */ = {isa = PBXFileReference; lastKnownFileType = text.plist.strings; name = ro; path = ro.lproj/Localizable.strings; sourceTree = "<group>"; };
		1745401C222EBFAC00B2CA7B /* RemindersViewController.swift */ = {isa = PBXFileReference; lastKnownFileType = sourcecode.swift; path = RemindersViewController.swift; sourceTree = "<group>"; };
		1745401E222ECB2A00B2CA7B /* ReminderTableViewCell.swift */ = {isa = PBXFileReference; lastKnownFileType = sourcecode.swift; path = ReminderTableViewCell.swift; sourceTree = "<group>"; };
		174F9ED0221D8E7D00D9C139 /* ToDoList.entitlements */ = {isa = PBXFileReference; lastKnownFileType = text.plist.entitlements; path = ToDoList.entitlements; sourceTree = "<group>"; };
		17744BA123CE087700751502 /* WatchApp.entitlements */ = {isa = PBXFileReference; lastKnownFileType = text.plist.entitlements; path = WatchApp.entitlements; sourceTree = "<group>"; };
		17744BA223CE088800751502 /* WatchApp Extension.entitlements */ = {isa = PBXFileReference; lastKnownFileType = text.plist.entitlements; path = "WatchApp Extension.entitlements"; sourceTree = "<group>"; };
		17744BA523CE0EF000751502 /* RowController.swift */ = {isa = PBXFileReference; lastKnownFileType = sourcecode.swift; path = RowController.swift; sourceTree = "<group>"; };
		17744BAE23CE3FD100751502 /* CommentImageTableViewCell.swift */ = {isa = PBXFileReference; lastKnownFileType = sourcecode.swift; path = CommentImageTableViewCell.swift; sourceTree = "<group>"; };
		17ABEB6E2227D57C006C6C28 /* NotificationModel.swift */ = {isa = PBXFileReference; lastKnownFileType = sourcecode.swift; path = NotificationModel.swift; sourceTree = "<group>"; };
		17C17769222D6BA200B2E84F /* ActionSheetDateTimeRangePicker.swift */ = {isa = PBXFileReference; fileEncoding = 4; lastKnownFileType = sourcecode.swift; path = ActionSheetDateTimeRangePicker.swift; sourceTree = "<group>"; };
		17C1776D222EB2FE00B2E84F /* Extensions.swift */ = {isa = PBXFileReference; lastKnownFileType = sourcecode.swift; path = Extensions.swift; sourceTree = "<group>"; };
		17D18D3B221D56C4005C647B /* ToDoList.app */ = {isa = PBXFileReference; explicitFileType = wrapper.application; includeInIndex = 0; path = ToDoList.app; sourceTree = BUILT_PRODUCTS_DIR; };
		17D18D3E221D56C4005C647B /* AppDelegate.swift */ = {isa = PBXFileReference; lastKnownFileType = sourcecode.swift; path = AppDelegate.swift; sourceTree = "<group>"; };
		17D18D40221D56C4005C647B /* HomeViewController.swift */ = {isa = PBXFileReference; lastKnownFileType = sourcecode.swift; path = HomeViewController.swift; sourceTree = "<group>"; };
		17D18D43221D56C4005C647B /* Base */ = {isa = PBXFileReference; lastKnownFileType = file.storyboard; name = Base; path = Base.lproj/Main.storyboard; sourceTree = "<group>"; };
		17D18D45221D56C5005C647B /* Assets.xcassets */ = {isa = PBXFileReference; lastKnownFileType = folder.assetcatalog; path = Assets.xcassets; sourceTree = "<group>"; };
		17D18D48221D56C5005C647B /* Base */ = {isa = PBXFileReference; lastKnownFileType = file.storyboard; name = Base; path = Base.lproj/LaunchScreen.storyboard; sourceTree = "<group>"; };
		17D18D4A221D56C5005C647B /* Info.plist */ = {isa = PBXFileReference; lastKnownFileType = text.plist.xml; path = Info.plist; sourceTree = "<group>"; };
		17D18D52221D5F01005C647B /* Config.swift */ = {isa = PBXFileReference; lastKnownFileType = sourcecode.swift; path = Config.swift; sourceTree = "<group>"; };
		17D18D54221D5F0D005C647B /* Utils.swift */ = {isa = PBXFileReference; lastKnownFileType = sourcecode.swift; path = Utils.swift; sourceTree = "<group>"; };
		17D62B5F22247C390085D628 /* ThemeModel.swift */ = {isa = PBXFileReference; lastKnownFileType = sourcecode.swift; path = ThemeModel.swift; sourceTree = "<group>"; };
		17D62B612224813A0085D628 /* LanguageModel.swift */ = {isa = PBXFileReference; lastKnownFileType = sourcecode.swift; path = LanguageModel.swift; sourceTree = "<group>"; };
		17EBE583221EB370005A9253 /* BaseViewController.swift */ = {isa = PBXFileReference; lastKnownFileType = sourcecode.swift; path = BaseViewController.swift; sourceTree = "<group>"; };
		17EBE586221EC954005A9253 /* TaskModel.swift */ = {isa = PBXFileReference; lastKnownFileType = sourcecode.swift; path = TaskModel.swift; sourceTree = "<group>"; };
		17EBE588221EC963005A9253 /* HomeItemModel.swift */ = {isa = PBXFileReference; lastKnownFileType = sourcecode.swift; path = HomeItemModel.swift; sourceTree = "<group>"; };
		17EBE58A221EC9F2005A9253 /* CommentModel.swift */ = {isa = PBXFileReference; lastKnownFileType = sourcecode.swift; path = CommentModel.swift; sourceTree = "<group>"; };
		17EBE58D221ECC0A005A9253 /* HomeTableViewCell.swift */ = {isa = PBXFileReference; lastKnownFileType = sourcecode.swift; path = HomeTableViewCell.swift; sourceTree = "<group>"; };
		17EBE58F221ED8B1005A9253 /* RealmManager.swift */ = {isa = PBXFileReference; fileEncoding = 4; lastKnownFileType = sourcecode.swift; path = RealmManager.swift; sourceTree = "<group>"; };
		17EBE592221EE584005A9253 /* TasksViewController.swift */ = {isa = PBXFileReference; lastKnownFileType = sourcecode.swift; path = TasksViewController.swift; sourceTree = "<group>"; };
		17EBE594221EE588005A9253 /* EditTaskViewController.swift */ = {isa = PBXFileReference; lastKnownFileType = sourcecode.swift; path = EditTaskViewController.swift; sourceTree = "<group>"; };
		386A95882460047F00EFA592 /* zh-Hant */ = {isa = PBXFileReference; lastKnownFileType = text.plist.strings; name = "zh-Hant"; path = "zh-Hant.lproj/Main.strings"; sourceTree = "<group>"; };
		386A958A2460047F00EFA592 /* zh-Hant */ = {isa = PBXFileReference; lastKnownFileType = text.plist.strings; name = "zh-Hant"; path = "zh-Hant.lproj/MainInterface.strings"; sourceTree = "<group>"; };
		386A958B2460047F00EFA592 /* zh-Hant */ = {isa = PBXFileReference; lastKnownFileType = text.plist.strings; name = "zh-Hant"; path = "zh-Hant.lproj/Interface.strings"; sourceTree = "<group>"; };
		386A958C2460047F00EFA592 /* zh-Hant */ = {isa = PBXFileReference; lastKnownFileType = text.plist.strings; name = "zh-Hant"; path = "zh-Hant.lproj/Localizable.strings"; sourceTree = "<group>"; };
		386A95922461386B00EFA592 /* en */ = {isa = PBXFileReference; lastKnownFileType = text.plist.strings; name = en; path = en.lproj/InfoPlist.strings; sourceTree = "<group>"; };
		386A95942461387200EFA592 /* zh-Hant */ = {isa = PBXFileReference; lastKnownFileType = text.plist.strings; name = "zh-Hant"; path = "zh-Hant.lproj/InfoPlist.strings"; sourceTree = "<group>"; };
		386A95952461387300EFA592 /* ro */ = {isa = PBXFileReference; lastKnownFileType = text.plist.strings; name = ro; path = ro.lproj/InfoPlist.strings; sourceTree = "<group>"; };
/* End PBXFileReference section */

/* Begin PBXFrameworksBuildPhase section */
		1718BE4023CCBB19009D591A /* Frameworks */ = {
			isa = PBXFrameworksBuildPhase;
			buildActionMask = 2147483647;
			files = (
				17E5CEA926728AD50096F9FB /* RealmSwift in Frameworks */,
				170DEDFE2672916600024B70 /* IceCream in Frameworks */,
				17E5CEB126728C430096F9FB /* Robin in Frameworks */,
				17E5CEB326728C4B0096F9FB /* Loaf in Frameworks */,
				17E5CEB526728C740096F9FB /* LKAlertController in Frameworks */,
				17E5CEA726728AD50096F9FB /* Realm in Frameworks */,
				17E5CEAF26728B8A0096F9FB /* ImageViewer_swift in Frameworks */,
				1718BE4523CCBB19009D591A /* NotificationCenter.framework in Frameworks */,
			);
			runOnlyForDeploymentPostprocessing = 0;
		};
		17278CCD23CE05890014B8B2 /* Frameworks */ = {
			isa = PBXFrameworksBuildPhase;
			buildActionMask = 2147483647;
			files = (
				17E5CEA526728A2C0096F9FB /* RealmSwift in Frameworks */,
				17E5CEA326728A2C0096F9FB /* Realm in Frameworks */,
			);
			runOnlyForDeploymentPostprocessing = 0;
		};
		17D18D38221D56C4005C647B /* Frameworks */ = {
			isa = PBXFrameworksBuildPhase;
			buildActionMask = 2147483647;
			files = (
				17E5CE742672872D0096F9FB /* LKAlertController in Frameworks */,
				17E5CE92267288850096F9FB /* BLTNBoard in Frameworks */,
				17E5CE8C267288620096F9FB /* Robin in Frameworks */,
				17E5CE9D26728A1E0096F9FB /* IceCream in Frameworks */,
				17E5CE9A26728A110096F9FB /* RealmSwift in Frameworks */,
				17E5CE95267288FB0096F9FB /* UnderKeyboard in Frameworks */,
				17E5CE8F267288780096F9FB /* ImageViewer_swift in Frameworks */,
				17E5CE9826728A110096F9FB /* Realm in Frameworks */,
				17E5CE7A2672874B0096F9FB /* ActiveLabel in Frameworks */,
				17E5CE772672873E0096F9FB /* RSTextViewMaster in Frameworks */,
				17E5CE80267287AD0096F9FB /* ActionSheetPicker-3.0 in Frameworks */,
				172CCD812221C82E00240725 /* CloudKit.framework in Frameworks */,
				17E5CE89267287DF0096F9FB /* Loaf in Frameworks */,
			);
			runOnlyForDeploymentPostprocessing = 0;
		};
		8F5640346BB9CA57EF4086B3 /* Frameworks */ = {
			isa = PBXFrameworksBuildPhase;
			buildActionMask = 2147483647;
			files = (
				17E5CEAD26728B540096F9FB /* RealmSwift in Frameworks */,
				17E5CEAB26728B540096F9FB /* Realm in Frameworks */,
			);
			runOnlyForDeploymentPostprocessing = 0;
		};
/* End PBXFrameworksBuildPhase section */

/* Begin PBXGroup section */
		1718BE4623CCBB19009D591A /* Widget */ = {
			isa = PBXGroup;
			children = (
				1718BE5423CCBC55009D591A /* ToDoList.entitlements */,
				1718BE4723CCBB19009D591A /* TodayViewController.swift */,
				1718BE4923CCBB19009D591A /* MainInterface.storyboard */,
				1718BE4C23CCBB19009D591A /* Info.plist */,
				1718BE6023CCC528009D591A /* WidgetCell.swift */,
			);
			path = Widget;
			sourceTree = "<group>";
		};
		171D5BDD23D0ADB90051ABD9 /* Settings */ = {
			isa = PBXGroup;
			children = (
				172CCD822224189200240725 /* SettingsViewController.swift */,
				171D5BDE23D0ADD30051ABD9 /* ThemeViewController.swift */,
			);
			path = Settings;
			sourceTree = "<group>";
		};
		17278CC523CE05880014B8B2 /* WatchApp */ = {
			isa = PBXGroup;
			children = (
				17744BA123CE087700751502 /* WatchApp.entitlements */,
				17278CC623CE05880014B8B2 /* Interface.storyboard */,
				17278CC923CE05890014B8B2 /* Assets.xcassets */,
				17278CCB23CE05890014B8B2 /* Info.plist */,
			);
			path = WatchApp;
			sourceTree = "<group>";
		};
		17278CD423CE05890014B8B2 /* WatchApp Extension */ = {
			isa = PBXGroup;
			children = (
				17744BA223CE088800751502 /* WatchApp Extension.entitlements */,
				17278CD523CE05890014B8B2 /* InterfaceController.swift */,
				17278CD723CE05890014B8B2 /* ExtensionDelegate.swift */,
				17278CD923CE05890014B8B2 /* NotificationController.swift */,
				17278CDB23CE05890014B8B2 /* ComplicationController.swift */,
				17278CDD23CE05890014B8B2 /* Assets.xcassets */,
				17278CDF23CE05890014B8B2 /* Info.plist */,
				17278CE023CE05890014B8B2 /* PushNotificationPayload.apns */,
				17744BA523CE0EF000751502 /* RowController.swift */,
			);
			path = "WatchApp Extension";
			sourceTree = "<group>";
		};
		172CCD8C22253B5F00240725 /* AltAppIcons */ = {
			isa = PBXGroup;
			children = (
				172CCDA9222542AF00240725 /* IconNight@2x.png */,
				172CCDAA222542AF00240725 /* IconNight@3x.png */,
				172CCDA522253FB700240725 /* IconPink@2x.png */,
				172CCDA622253FB700240725 /* IconPink@3x.png */,
				172CCD9522253CC800240725 /* IconBlack@2x.png */,
				172CCD9322253CC700240725 /* IconBlack@3x.png */,
				172CCD9722253CC800240725 /* IconBlue@2x.png */,
				172CCD8E22253CC700240725 /* IconBlue@3x.png */,
				172CCD8D22253CC700240725 /* IconGreen@2x.png */,
				172CCD8F22253CC700240725 /* IconGreen@3x.png */,
				172CCD9222253CC700240725 /* IconOrange@2x.png */,
				172CCD9622253CC800240725 /* IconOrange@3x.png */,
				172CCD9022253CC700240725 /* IconRed(Alt)@2x.png */,
				172CCD9822253CC800240725 /* IconRed(Alt)@3x.png */,
				172CCD9422253CC800240725 /* IconYellow@2x.png */,
				172CCD9122253CC700240725 /* IconYellow@3x.png */,
				171D5BE523D10B800051ABD9 /* IconPinkAlt@2x.png */,
				171D5BE423D10B800051ABD9 /* IconPinkAlt@3x.png */,
			);
			path = AltAppIcons;
			sourceTree = "<group>";
		};
		174F9ED1221D8E7F00D9C139 /* Frameworks */ = {
			isa = PBXGroup;
			children = (
				172CCD802221C82E00240725 /* CloudKit.framework */,
				1718BE4423CCBB19009D591A /* NotificationCenter.framework */,
			);
			name = Frameworks;
			sourceTree = "<group>";
		};
		17D18D32221D56C4005C647B = {
			isa = PBXGroup;
			children = (
				170DEDFC267290D000024B70 /* README.md */,
				174F9ED0221D8E7D00D9C139 /* ToDoList.entitlements */,
				17D18D45221D56C5005C647B /* Assets.xcassets */,
				17D18D3D221D56C4005C647B /* Classes */,
				17D18D50221D56DC005C647B /* Storyboards */,
				17D18D51221D56EF005C647B /* Others */,
				1718BE4623CCBB19009D591A /* Widget */,
				17278CC523CE05880014B8B2 /* WatchApp */,
				17278CD423CE05890014B8B2 /* WatchApp Extension */,
				17D18D3C221D56C4005C647B /* Products */,
				174F9ED1221D8E7F00D9C139 /* Frameworks */,
			);
			sourceTree = "<group>";
		};
		17D18D3C221D56C4005C647B /* Products */ = {
			isa = PBXGroup;
			children = (
				17D18D3B221D56C4005C647B /* ToDoList.app */,
				1718BE4323CCBB19009D591A /* ToDoListWidget.appex */,
				17278CC423CE05880014B8B2 /* WatchApp.app */,
				17278CD023CE05890014B8B2 /* WatchApp Extension.appex */,
			);
			name = Products;
			sourceTree = "<group>";
		};
		17D18D3D221D56C4005C647B /* Classes */ = {
			isa = PBXGroup;
			children = (
				17D18D3E221D56C4005C647B /* AppDelegate.swift */,
				17EBE583221EB370005A9253 /* BaseViewController.swift */,
				17D18D40221D56C4005C647B /* HomeViewController.swift */,
				17EBE591221EE56B005A9253 /* Tasks */,
				171D5BDD23D0ADB90051ABD9 /* Settings */,
				17EBE58C221ECBB7005A9253 /* Cells */,
				17EBE585221EC93B005A9253 /* Models */,
			);
			path = Classes;
			sourceTree = "<group>";
		};
		17D18D50221D56DC005C647B /* Storyboards */ = {
			isa = PBXGroup;
			children = (
				17D18D42221D56C4005C647B /* Main.storyboard */,
				1710DD2823CF5C46000E64F4 /* Main-iPad.storyboard */,
				17D18D47221D56C5005C647B /* LaunchScreen.storyboard */,
			);
			path = Storyboards;
			sourceTree = "<group>";
		};
		17D18D51221D56EF005C647B /* Others */ = {
			isa = PBXGroup;
			children = (
				172CCD8C22253B5F00240725 /* AltAppIcons */,
				17D18D52221D5F01005C647B /* Config.swift */,
				17D18D54221D5F0D005C647B /* Utils.swift */,
				17EBE58F221ED8B1005A9253 /* RealmManager.swift */,
				17C17769222D6BA200B2E84F /* ActionSheetDateTimeRangePicker.swift */,
				171D5BE023D0D35C0051ABD9 /* OnboardingDataSource.swift */,
				17C1776D222EB2FE00B2E84F /* Extensions.swift */,
				17D18D4A221D56C5005C647B /* Info.plist */,
				386A95932461386B00EFA592 /* InfoPlist.strings */,
				172F557B2361A04D00B2B8BB /* Localizable.strings */,
			);
			path = Others;
			sourceTree = "<group>";
		};
		17EBE585221EC93B005A9253 /* Models */ = {
			isa = PBXGroup;
			children = (
				17EBE588221EC963005A9253 /* HomeItemModel.swift */,
				172CCD8722241AAD00240725 /* SettingsItemModel.swift */,
				17EBE586221EC954005A9253 /* TaskModel.swift */,
				17EBE58A221EC9F2005A9253 /* CommentModel.swift */,
				17ABEB6E2227D57C006C6C28 /* NotificationModel.swift */,
				17D62B612224813A0085D628 /* LanguageModel.swift */,
				17D62B5F22247C390085D628 /* ThemeModel.swift */,
			);
			path = Models;
			sourceTree = "<group>";
		};
		17EBE58C221ECBB7005A9253 /* Cells */ = {
			isa = PBXGroup;
			children = (
				17EBE58D221ECC0A005A9253 /* HomeTableViewCell.swift */,
				172CCD8522241A3600240725 /* SettingsTableViewCell.swift */,
				172CCD7E2221776700240725 /* TaskTableViewCell.swift */,
				172CCD7C2220947000240725 /* CommentTableViewCell.swift */,
				17744BAE23CE3FD100751502 /* CommentImageTableViewCell.swift */,
				1745401E222ECB2A00B2CA7B /* ReminderTableViewCell.swift */,
				171D5BDB23D0AD680051ABD9 /* ThemeTableViewCell.swift */,
			);
			path = Cells;
			sourceTree = "<group>";
		};
		17EBE591221EE56B005A9253 /* Tasks */ = {
			isa = PBXGroup;
			children = (
				17EBE592221EE584005A9253 /* TasksViewController.swift */,
				17EBE594221EE588005A9253 /* EditTaskViewController.swift */,
				172CCD7A2220916700240725 /* CommentsViewController.swift */,
				1745401C222EBFAC00B2CA7B /* RemindersViewController.swift */,
			);
			path = Tasks;
			sourceTree = "<group>";
		};
/* End PBXGroup section */

/* Begin PBXNativeTarget section */
		1718BE4223CCBB19009D591A /* ToDoListWidget */ = {
			isa = PBXNativeTarget;
			buildConfigurationList = 1718BE5323CCBB19009D591A /* Build configuration list for PBXNativeTarget "ToDoListWidget" */;
			buildPhases = (
				1718BE3F23CCBB19009D591A /* Sources */,
				1718BE4023CCBB19009D591A /* Frameworks */,
				1718BE4123CCBB19009D591A /* Resources */,
			);
			buildRules = (
			);
			dependencies = (
			);
			name = ToDoListWidget;
			packageProductDependencies = (
				17E5CEA626728AD50096F9FB /* Realm */,
				17E5CEA826728AD50096F9FB /* RealmSwift */,
				17E5CEAE26728B8A0096F9FB /* ImageViewer_swift */,
				17E5CEB026728C430096F9FB /* Robin */,
				17E5CEB226728C4B0096F9FB /* Loaf */,
				17E5CEB426728C740096F9FB /* LKAlertController */,
				170DEDFD2672916600024B70 /* IceCream */,
			);
			productName = ToDoListWidget;
			productReference = 1718BE4323CCBB19009D591A /* ToDoListWidget.appex */;
			productType = "com.apple.product-type.app-extension";
		};
		17278CC323CE05880014B8B2 /* WatchApp */ = {
			isa = PBXNativeTarget;
			buildConfigurationList = 17278CEB23CE058A0014B8B2 /* Build configuration list for PBXNativeTarget "WatchApp" */;
			buildPhases = (
				17278CC223CE05880014B8B2 /* Resources */,
				17278CE723CE058A0014B8B2 /* Embed App Extensions */,
				8F5640346BB9CA57EF4086B3 /* Frameworks */,
			);
			buildRules = (
			);
			dependencies = (
				17278CD323CE05890014B8B2 /* PBXTargetDependency */,
			);
			name = WatchApp;
			packageProductDependencies = (
				17E5CEAA26728B540096F9FB /* Realm */,
				17E5CEAC26728B540096F9FB /* RealmSwift */,
			);
			productName = WatchApp;
			productReference = 17278CC423CE05880014B8B2 /* WatchApp.app */;
			productType = "com.apple.product-type.application.watchapp2";
		};
		17278CCF23CE05890014B8B2 /* WatchApp Extension */ = {
			isa = PBXNativeTarget;
			buildConfigurationList = 17278CEA23CE058A0014B8B2 /* Build configuration list for PBXNativeTarget "WatchApp Extension" */;
			buildPhases = (
				17278CCC23CE05890014B8B2 /* Sources */,
				17278CCD23CE05890014B8B2 /* Frameworks */,
				17278CCE23CE05890014B8B2 /* Resources */,
			);
			buildRules = (
			);
			dependencies = (
				17E5CE9F26728A260096F9FB /* PBXTargetDependency */,
				17E5CEA126728A260096F9FB /* PBXTargetDependency */,
			);
			name = "WatchApp Extension";
			packageProductDependencies = (
				17E5CEA226728A2C0096F9FB /* Realm */,
				17E5CEA426728A2C0096F9FB /* RealmSwift */,
			);
			productName = "WatchApp Extension";
			productReference = 17278CD023CE05890014B8B2 /* WatchApp Extension.appex */;
			productType = "com.apple.product-type.watchkit2-extension";
		};
		17D18D3A221D56C4005C647B /* ToDoList */ = {
			isa = PBXNativeTarget;
			buildConfigurationList = 17D18D4D221D56C5005C647B /* Build configuration list for PBXNativeTarget "ToDoList" */;
			buildPhases = (
				17D18D37221D56C4005C647B /* Sources */,
				17D18D38221D56C4005C647B /* Frameworks */,
				17D18D39221D56C4005C647B /* Resources */,
				1718BE5023CCBB19009D591A /* Embed App Extensions */,
				17278CE423CE058A0014B8B2 /* Embed Watch Content */,
			);
			buildRules = (
			);
			dependencies = (
				1718BE4E23CCBB19009D591A /* PBXTargetDependency */,
				17278CE223CE05890014B8B2 /* PBXTargetDependency */,
			);
			name = ToDoList;
			packageProductDependencies = (
				17E5CE732672872D0096F9FB /* LKAlertController */,
				17E5CE762672873E0096F9FB /* RSTextViewMaster */,
				17E5CE792672874B0096F9FB /* ActiveLabel */,
				17E5CE7F267287AD0096F9FB /* ActionSheetPicker-3.0 */,
				17E5CE88267287DF0096F9FB /* Loaf */,
				17E5CE8B267288620096F9FB /* Robin */,
				17E5CE8E267288780096F9FB /* ImageViewer_swift */,
				17E5CE91267288850096F9FB /* BLTNBoard */,
				17E5CE94267288FB0096F9FB /* UnderKeyboard */,
				17E5CE9726728A110096F9FB /* Realm */,
				17E5CE9926728A110096F9FB /* RealmSwift */,
				17E5CE9C26728A1E0096F9FB /* IceCream */,
			);
			productName = RSToDoList;
			productReference = 17D18D3B221D56C4005C647B /* ToDoList.app */;
			productType = "com.apple.product-type.application";
		};
/* End PBXNativeTarget section */

/* Begin PBXProject section */
		17D18D33221D56C4005C647B /* Project object */ = {
			isa = PBXProject;
			attributes = {
				LastSwiftUpdateCheck = 1130;
				LastUpgradeCheck = 1200;
				ORGANIZATIONNAME = "Radu Ursache - RanduSoft";
				TargetAttributes = {
					1718BE4223CCBB19009D591A = {
						CreatedOnToolsVersion = 11.3;
					};
					17278CC323CE05880014B8B2 = {
						CreatedOnToolsVersion = 11.3.1;
						LastSwiftMigration = 1130;
					};
					17278CCF23CE05890014B8B2 = {
						CreatedOnToolsVersion = 11.3.1;
					};
					17D18D3A221D56C4005C647B = {
						CreatedOnToolsVersion = 10.1;
						LastSwiftMigration = 1110;
						SystemCapabilities = {
							com.apple.BackgroundModes = {
								enabled = 1;
							};
							com.apple.Push = {
								enabled = 1;
							};
							com.apple.iCloud = {
								enabled = 1;
							};
						};
					};
				};
			};
			buildConfigurationList = 17D18D36221D56C4005C647B /* Build configuration list for PBXProject "ToDoList" */;
			compatibilityVersion = "Xcode 11.0";
			developmentRegion = en;
			hasScannedForEncodings = 0;
			knownRegions = (
				en,
				Base,
				ro,
				"zh-Hant",
			);
			mainGroup = 17D18D32221D56C4005C647B;
			packageReferences = (
				17E5CE722672872D0096F9FB /* XCRemoteSwiftPackageReference "LKAlertController" */,
				17E5CE752672873E0096F9FB /* XCRemoteSwiftPackageReference "RSTextViewMaster" */,
				17E5CE782672874B0096F9FB /* XCRemoteSwiftPackageReference "ActiveLabel" */,
				17E5CE7E267287AD0096F9FB /* XCRemoteSwiftPackageReference "ActionSheetPicker-3" */,
				17E5CE87267287DF0096F9FB /* XCRemoteSwiftPackageReference "Loaf" */,
				17E5CE8A267288620096F9FB /* XCRemoteSwiftPackageReference "Robin" */,
				17E5CE8D267288780096F9FB /* XCRemoteSwiftPackageReference "ImageViewer" */,
				17E5CE90267288850096F9FB /* XCRemoteSwiftPackageReference "BulletinBoard" */,
				17E5CE93267288FB0096F9FB /* XCRemoteSwiftPackageReference "UnderKeyboard" */,
				17E5CE9626728A110096F9FB /* XCRemoteSwiftPackageReference "realm-cocoa" */,
				17E5CE9B26728A1E0096F9FB /* XCRemoteSwiftPackageReference "IceCream" */,
			);
			productRefGroup = 17D18D3C221D56C4005C647B /* Products */;
			projectDirPath = "";
			projectRoot = "";
			targets = (
				17D18D3A221D56C4005C647B /* ToDoList */,
				1718BE4223CCBB19009D591A /* ToDoListWidget */,
				17278CC323CE05880014B8B2 /* WatchApp */,
				17278CCF23CE05890014B8B2 /* WatchApp Extension */,
			);
		};
/* End PBXProject section */

/* Begin PBXResourcesBuildPhase section */
		1718BE4123CCBB19009D591A /* Resources */ = {
			isa = PBXResourcesBuildPhase;
			buildActionMask = 2147483647;
			files = (
				1718BE6223CCD4B8009D591A /* Assets.xcassets in Resources */,
				17F03A2523CF4ED600E01D84 /* Localizable.strings in Resources */,
				1718BE4B23CCBB19009D591A /* MainInterface.storyboard in Resources */,
			);
			runOnlyForDeploymentPostprocessing = 0;
		};
		17278CC223CE05880014B8B2 /* Resources */ = {
			isa = PBXResourcesBuildPhase;
			buildActionMask = 2147483647;
			files = (
				17278CCA23CE05890014B8B2 /* Assets.xcassets in Resources */,
				17F03A2623CF4ED600E01D84 /* Localizable.strings in Resources */,
				17278CC823CE05880014B8B2 /* Interface.storyboard in Resources */,
			);
			runOnlyForDeploymentPostprocessing = 0;
		};
		17278CCE23CE05890014B8B2 /* Resources */ = {
			isa = PBXResourcesBuildPhase;
			buildActionMask = 2147483647;
			files = (
				17278CDE23CE05890014B8B2 /* Assets.xcassets in Resources */,
				17F03A2423CF4ED400E01D84 /* Localizable.strings in Resources */,
			);
			runOnlyForDeploymentPostprocessing = 0;
		};
		17D18D39221D56C4005C647B /* Resources */ = {
			isa = PBXResourcesBuildPhase;
			buildActionMask = 2147483647;
			files = (
				172CCDA822253FB700240725 /* IconPink@3x.png in Resources */,
				172CCDA222253CC800240725 /* IconOrange@3x.png in Resources */,
				172CCD9B22253CC800240725 /* IconGreen@3x.png in Resources */,
				171D5BE723D10B800051ABD9 /* IconPinkAlt@2x.png in Resources */,
				172CCD9C22253CC800240725 /* IconRed(Alt)@2x.png in Resources */,
				172CCD9A22253CC800240725 /* IconBlue@3x.png in Resources */,
				17D18D49221D56C5005C647B /* LaunchScreen.storyboard in Resources */,
				172CCD9F22253CC800240725 /* IconBlack@3x.png in Resources */,
				172CCDAC222542AF00240725 /* IconNight@3x.png in Resources */,
				171D5BE623D10B800051ABD9 /* IconPinkAlt@3x.png in Resources */,
				172CCDA122253CC800240725 /* IconBlack@2x.png in Resources */,
				172CCDA022253CC800240725 /* IconYellow@2x.png in Resources */,
				172F55792361A04D00B2B8BB /* Localizable.strings in Resources */,
				172CCD9D22253CC800240725 /* IconYellow@3x.png in Resources */,
				172CCD9922253CC800240725 /* IconGreen@2x.png in Resources */,
				172CCDA722253FB700240725 /* IconPink@2x.png in Resources */,
				17D18D46221D56C5005C647B /* Assets.xcassets in Resources */,
				172CCDA422253CC800240725 /* IconRed(Alt)@3x.png in Resources */,
				386A95912461386B00EFA592 /* InfoPlist.strings in Resources */,
				1710DD2923CF5C46000E64F4 /* Main-iPad.storyboard in Resources */,
				172CCDAB222542AF00240725 /* IconNight@2x.png in Resources */,
				172CCDA322253CC800240725 /* IconBlue@2x.png in Resources */,
				17D18D44221D56C4005C647B /* Main.storyboard in Resources */,
				172CCD9E22253CC800240725 /* IconOrange@2x.png in Resources */,
			);
			runOnlyForDeploymentPostprocessing = 0;
		};
/* End PBXResourcesBuildPhase section */

/* Begin PBXSourcesBuildPhase section */
		1718BE3F23CCBB19009D591A /* Sources */ = {
			isa = PBXSourcesBuildPhase;
			buildActionMask = 2147483647;
			files = (
				1718BE5923CCBEBA009D591A /* NotificationModel.swift in Sources */,
				1718BE4823CCBB19009D591A /* TodayViewController.swift in Sources */,
				1718BE5A23CCBEBA009D591A /* LanguageModel.swift in Sources */,
				1718BE5623CCBEBA009D591A /* SettingsItemModel.swift in Sources */,
				1718BE5823CCBEBA009D591A /* CommentModel.swift in Sources */,
				1718BE5F23CCBF58009D591A /* Config.swift in Sources */,
				1718BE5D23CCBF4C009D591A /* Utils.swift in Sources */,
				1718BE6123CCC528009D591A /* WidgetCell.swift in Sources */,
				1718BE5C23CCBF3C009D591A /* RealmManager.swift in Sources */,
				1718BE5723CCBEBA009D591A /* TaskModel.swift in Sources */,
				1718BE5523CCBEBA009D591A /* HomeItemModel.swift in Sources */,
				1718BE5E23CCBF4F009D591A /* Extensions.swift in Sources */,
				1718BE5B23CCBEBA009D591A /* ThemeModel.swift in Sources */,
			);
			runOnlyForDeploymentPostprocessing = 0;
		};
		17278CCC23CE05890014B8B2 /* Sources */ = {
			isa = PBXSourcesBuildPhase;
			buildActionMask = 2147483647;
			files = (
				17744BAA23CE16E100751502 /* NotificationModel.swift in Sources */,
				17744BA623CE0EF000751502 /* RowController.swift in Sources */,
				17744BA923CE16CC00751502 /* CommentModel.swift in Sources */,
				17744BAC23CE2F5400751502 /* ThemeModel.swift in Sources */,
				17278CDA23CE05890014B8B2 /* NotificationController.swift in Sources */,
				17278CDC23CE05890014B8B2 /* ComplicationController.swift in Sources */,
				17278CD823CE05890014B8B2 /* ExtensionDelegate.swift in Sources */,
				17744BAD23CE2F6200751502 /* LanguageModel.swift in Sources */,
				17278CD623CE05890014B8B2 /* InterfaceController.swift in Sources */,
				17744BA723CE165F00751502 /* RealmManager.swift in Sources */,
				17744BA823CE16AC00751502 /* TaskModel.swift in Sources */,
			);
			runOnlyForDeploymentPostprocessing = 0;
		};
		17D18D37221D56C4005C647B /* Sources */ = {
			isa = PBXSourcesBuildPhase;
			buildActionMask = 2147483647;
			files = (
				171D5BDC23D0AD680051ABD9 /* ThemeTableViewCell.swift in Sources */,
				17C1776E222EB2FE00B2E84F /* Extensions.swift in Sources */,
				171D5BDF23D0ADD30051ABD9 /* ThemeViewController.swift in Sources */,
				17EBE587221EC954005A9253 /* TaskModel.swift in Sources */,
				172CCD7B2220916700240725 /* CommentsViewController.swift in Sources */,
				172CCD7F2221776700240725 /* TaskTableViewCell.swift in Sources */,
				17EBE58B221EC9F2005A9253 /* CommentModel.swift in Sources */,
				171D5BE123D0D35C0051ABD9 /* OnboardingDataSource.swift in Sources */,
				17EBE584221EB370005A9253 /* BaseViewController.swift in Sources */,
				17ABEB6F2227D57C006C6C28 /* NotificationModel.swift in Sources */,
				17D62B6022247C390085D628 /* ThemeModel.swift in Sources */,
				1745401D222EBFAC00B2CA7B /* RemindersViewController.swift in Sources */,
				172CCD8822241AAD00240725 /* SettingsItemModel.swift in Sources */,
				1745401F222ECB2A00B2CA7B /* ReminderTableViewCell.swift in Sources */,
				17744BAF23CE3FD100751502 /* CommentImageTableViewCell.swift in Sources */,
				17D18D41221D56C4005C647B /* HomeViewController.swift in Sources */,
				17D18D55221D5F0D005C647B /* Utils.swift in Sources */,
				172CCD832224189200240725 /* SettingsViewController.swift in Sources */,
				17EBE589221EC963005A9253 /* HomeItemModel.swift in Sources */,
				17C1776B222D6BA300B2E84F /* ActionSheetDateTimeRangePicker.swift in Sources */,
				17EBE593221EE584005A9253 /* TasksViewController.swift in Sources */,
				17EBE58E221ECC0A005A9253 /* HomeTableViewCell.swift in Sources */,
				172CCD8622241A3600240725 /* SettingsTableViewCell.swift in Sources */,
				17EBE590221ED8B1005A9253 /* RealmManager.swift in Sources */,
				17D18D3F221D56C4005C647B /* AppDelegate.swift in Sources */,
				172CCD7D2220947000240725 /* CommentTableViewCell.swift in Sources */,
				17EBE595221EE588005A9253 /* EditTaskViewController.swift in Sources */,
				17D18D53221D5F01005C647B /* Config.swift in Sources */,
				17D62B622224813A0085D628 /* LanguageModel.swift in Sources */,
			);
			runOnlyForDeploymentPostprocessing = 0;
		};
/* End PBXSourcesBuildPhase section */

/* Begin PBXTargetDependency section */
		1718BE4E23CCBB19009D591A /* PBXTargetDependency */ = {
			isa = PBXTargetDependency;
			platformFilter = ios;
			target = 1718BE4223CCBB19009D591A /* ToDoListWidget */;
			targetProxy = 1718BE4D23CCBB19009D591A /* PBXContainerItemProxy */;
		};
		17278CD323CE05890014B8B2 /* PBXTargetDependency */ = {
			isa = PBXTargetDependency;
			target = 17278CCF23CE05890014B8B2 /* WatchApp Extension */;
			targetProxy = 17278CD223CE05890014B8B2 /* PBXContainerItemProxy */;
		};
		17278CE223CE05890014B8B2 /* PBXTargetDependency */ = {
			isa = PBXTargetDependency;
			platformFilter = ios;
			target = 17278CC323CE05880014B8B2 /* WatchApp */;
			targetProxy = 17278CE123CE05890014B8B2 /* PBXContainerItemProxy */;
		};
		17E5CE9F26728A260096F9FB /* PBXTargetDependency */ = {
			isa = PBXTargetDependency;
			productRef = 17E5CE9E26728A260096F9FB /* Realm */;
		};
		17E5CEA126728A260096F9FB /* PBXTargetDependency */ = {
			isa = PBXTargetDependency;
			productRef = 17E5CEA026728A260096F9FB /* RealmSwift */;
		};
/* End PBXTargetDependency section */

/* Begin PBXVariantGroup section */
		1718BE4923CCBB19009D591A /* MainInterface.storyboard */ = {
			isa = PBXVariantGroup;
			children = (
				1718BE4A23CCBB19009D591A /* Base */,
				386A958A2460047F00EFA592 /* zh-Hant */,
				172B0EBE246555510033C6A7 /* ro */,
				172B0EC0246555520033C6A7 /* en */,
			);
			name = MainInterface.storyboard;
			sourceTree = "<group>";
		};
		17278CC623CE05880014B8B2 /* Interface.storyboard */ = {
			isa = PBXVariantGroup;
			children = (
				17278CC723CE05880014B8B2 /* Base */,
				386A958B2460047F00EFA592 /* zh-Hant */,
				172B0EC2246555650033C6A7 /* en */,
				172B0EC4246555660033C6A7 /* ro */,
			);
			name = Interface.storyboard;
			sourceTree = "<group>";
		};
		172F557B2361A04D00B2B8BB /* Localizable.strings */ = {
			isa = PBXVariantGroup;
			children = (
				172F557A2361A04D00B2B8BB /* en */,
				172F557C2361A7E300B2B8BB /* ro */,
				386A958C2460047F00EFA592 /* zh-Hant */,
			);
			name = Localizable.strings;
			sourceTree = "<group>";
		};
		17D18D42221D56C4005C647B /* Main.storyboard */ = {
			isa = PBXVariantGroup;
			children = (
				17D18D43221D56C4005C647B /* Base */,
				386A95882460047F00EFA592 /* zh-Hant */,
			);
			name = Main.storyboard;
			sourceTree = "<group>";
		};
		17D18D47221D56C5005C647B /* LaunchScreen.storyboard */ = {
			isa = PBXVariantGroup;
			children = (
				17D18D48221D56C5005C647B /* Base */,
			);
			name = LaunchScreen.storyboard;
			sourceTree = "<group>";
		};
		386A95932461386B00EFA592 /* InfoPlist.strings */ = {
			isa = PBXVariantGroup;
			children = (
				386A95922461386B00EFA592 /* en */,
				386A95942461387200EFA592 /* zh-Hant */,
				386A95952461387300EFA592 /* ro */,
			);
			name = InfoPlist.strings;
			sourceTree = "<group>";
		};
/* End PBXVariantGroup section */

/* Begin XCBuildConfiguration section */
		1718BE5123CCBB19009D591A /* Debug */ = {
			isa = XCBuildConfiguration;
			buildSettings = {
				APPLICATION_EXTENSION_API_ONLY = YES;
				CODE_SIGN_ENTITLEMENTS = Widget/ToDoList.entitlements;
				CODE_SIGN_STYLE = Automatic;
				CURRENT_PROJECT_VERSION = 1;
				DEVELOPMENT_TEAM = 3999533L99;
				INFOPLIST_FILE = Widget/Info.plist;
				IPHONEOS_DEPLOYMENT_TARGET = 12.3;
				LD_RUNPATH_SEARCH_PATHS = (
					"$(inherited)",
					"@executable_path/Frameworks",
					"@executable_path/../../Frameworks",
				);
				MARKETING_VERSION = 1.5.1;
				PRODUCT_BUNDLE_IDENTIFIER = ro.randusoft.RSToDoList.ToDoListWidget;
				PRODUCT_NAME = ToDoListWidget;
				SKIP_INSTALL = YES;
				SUPPORTS_MACCATALYST = NO;
				SWIFT_VERSION = 5.0;
				TARGETED_DEVICE_FAMILY = 1;
			};
			name = Debug;
		};
		1718BE5223CCBB19009D591A /* Release */ = {
			isa = XCBuildConfiguration;
			buildSettings = {
				APPLICATION_EXTENSION_API_ONLY = YES;
				CODE_SIGN_ENTITLEMENTS = Widget/ToDoList.entitlements;
				CODE_SIGN_STYLE = Automatic;
				CURRENT_PROJECT_VERSION = 1;
				DEVELOPMENT_TEAM = 3999533L99;
				INFOPLIST_FILE = Widget/Info.plist;
				IPHONEOS_DEPLOYMENT_TARGET = 12.3;
				LD_RUNPATH_SEARCH_PATHS = (
					"$(inherited)",
					"@executable_path/Frameworks",
					"@executable_path/../../Frameworks",
				);
				MARKETING_VERSION = 1.5.1;
				PRODUCT_BUNDLE_IDENTIFIER = ro.randusoft.RSToDoList.ToDoListWidget;
				PRODUCT_NAME = ToDoListWidget;
				SKIP_INSTALL = YES;
				SUPPORTS_MACCATALYST = NO;
				SWIFT_VERSION = 5.0;
				TARGETED_DEVICE_FAMILY = 1;
			};
			name = Release;
		};
		17278CE523CE058A0014B8B2 /* Debug */ = {
			isa = XCBuildConfiguration;
			buildSettings = {
				ALWAYS_EMBED_SWIFT_STANDARD_LIBRARIES = YES;
				ASSETCATALOG_COMPILER_APPICON_NAME = AppIcon;
				CLANG_ENABLE_MODULES = YES;
				CODE_SIGN_ENTITLEMENTS = WatchApp/WatchApp.entitlements;
				CODE_SIGN_STYLE = Automatic;
				DEVELOPMENT_TEAM = 3999533L99;
				IBSC_MODULE = WatchApp_Extension;
				INFOPLIST_FILE = WatchApp/Info.plist;
				LD_RUNPATH_SEARCH_PATHS = (
					"$(inherited)",
					"@executable_path/../Frameworks",
					"@loader_path/../Frameworks",
				);
				MARKETING_VERSION = 1.5.1;
				PRODUCT_BUNDLE_IDENTIFIER = ro.randusoft.RSToDoList.watchkitapp;
				PRODUCT_NAME = "$(TARGET_NAME)";
				SDKROOT = watchos;
				SKIP_INSTALL = YES;
				SWIFT_OPTIMIZATION_LEVEL = "-Onone";
				SWIFT_VERSION = 5.0;
				TARGETED_DEVICE_FAMILY = 4;
				WATCHOS_DEPLOYMENT_TARGET = 6.0;
			};
			name = Debug;
		};
		17278CE623CE058A0014B8B2 /* Release */ = {
			isa = XCBuildConfiguration;
			buildSettings = {
				ALWAYS_EMBED_SWIFT_STANDARD_LIBRARIES = YES;
				ASSETCATALOG_COMPILER_APPICON_NAME = AppIcon;
				CLANG_ENABLE_MODULES = YES;
				CODE_SIGN_ENTITLEMENTS = WatchApp/WatchApp.entitlements;
				CODE_SIGN_STYLE = Automatic;
				DEVELOPMENT_TEAM = 3999533L99;
				IBSC_MODULE = WatchApp_Extension;
				INFOPLIST_FILE = WatchApp/Info.plist;
				LD_RUNPATH_SEARCH_PATHS = (
					"$(inherited)",
					"@executable_path/../Frameworks",
					"@loader_path/../Frameworks",
				);
				MARKETING_VERSION = 1.5.1;
				PRODUCT_BUNDLE_IDENTIFIER = ro.randusoft.RSToDoList.watchkitapp;
				PRODUCT_NAME = "$(TARGET_NAME)";
				SDKROOT = watchos;
				SKIP_INSTALL = YES;
				SWIFT_VERSION = 5.0;
				TARGETED_DEVICE_FAMILY = 4;
				WATCHOS_DEPLOYMENT_TARGET = 6.0;
			};
			name = Release;
		};
		17278CE823CE058A0014B8B2 /* Debug */ = {
			isa = XCBuildConfiguration;
			buildSettings = {
				ASSETCATALOG_COMPILER_COMPLICATION_NAME = Complication;
				CODE_SIGN_ENTITLEMENTS = "WatchApp Extension/WatchApp Extension.entitlements";
				CODE_SIGN_STYLE = Automatic;
				DEVELOPMENT_TEAM = 3999533L99;
				INFOPLIST_FILE = "WatchApp Extension/Info.plist";
				LD_RUNPATH_SEARCH_PATHS = (
					"$(inherited)",
					"@executable_path/Frameworks",
					"@executable_path/../../Frameworks",
				);
				MARKETING_VERSION = 1.5.1;
				PRODUCT_BUNDLE_IDENTIFIER = ro.randusoft.RSToDoList.watchkitapp.watchkitextension;
				PRODUCT_NAME = "${TARGET_NAME}";
				SDKROOT = watchos;
				SKIP_INSTALL = YES;
				SWIFT_VERSION = 5.0;
				TARGETED_DEVICE_FAMILY = 4;
				WATCHOS_DEPLOYMENT_TARGET = 6.0;
			};
			name = Debug;
		};
		17278CE923CE058A0014B8B2 /* Release */ = {
			isa = XCBuildConfiguration;
			buildSettings = {
				ASSETCATALOG_COMPILER_COMPLICATION_NAME = Complication;
				CODE_SIGN_ENTITLEMENTS = "WatchApp Extension/WatchApp Extension.entitlements";
				CODE_SIGN_STYLE = Automatic;
				DEVELOPMENT_TEAM = 3999533L99;
				INFOPLIST_FILE = "WatchApp Extension/Info.plist";
				LD_RUNPATH_SEARCH_PATHS = (
					"$(inherited)",
					"@executable_path/Frameworks",
					"@executable_path/../../Frameworks",
				);
				MARKETING_VERSION = 1.5.1;
				PRODUCT_BUNDLE_IDENTIFIER = ro.randusoft.RSToDoList.watchkitapp.watchkitextension;
				PRODUCT_NAME = "${TARGET_NAME}";
				SDKROOT = watchos;
				SKIP_INSTALL = YES;
				SWIFT_VERSION = 5.0;
				TARGETED_DEVICE_FAMILY = 4;
				WATCHOS_DEPLOYMENT_TARGET = 6.0;
			};
			name = Release;
		};
		17D18D4B221D56C5005C647B /* Debug */ = {
			isa = XCBuildConfiguration;
			buildSettings = {
				ALWAYS_SEARCH_USER_PATHS = NO;
				CLANG_ANALYZER_LOCALIZABILITY_NONLOCALIZED = YES;
				CLANG_ANALYZER_NONNULL = YES;
				CLANG_ANALYZER_NUMBER_OBJECT_CONVERSION = YES_AGGRESSIVE;
				CLANG_CXX_LANGUAGE_STANDARD = "gnu++14";
				CLANG_CXX_LIBRARY = "libc++";
				CLANG_ENABLE_MODULES = YES;
				CLANG_ENABLE_OBJC_ARC = YES;
				CLANG_ENABLE_OBJC_WEAK = YES;
				CLANG_WARN_BLOCK_CAPTURE_AUTORELEASING = YES;
				CLANG_WARN_BOOL_CONVERSION = YES;
				CLANG_WARN_COMMA = YES;
				CLANG_WARN_CONSTANT_CONVERSION = YES;
				CLANG_WARN_DEPRECATED_OBJC_IMPLEMENTATIONS = YES;
				CLANG_WARN_DIRECT_OBJC_ISA_USAGE = YES_ERROR;
				CLANG_WARN_DOCUMENTATION_COMMENTS = YES;
				CLANG_WARN_EMPTY_BODY = YES;
				CLANG_WARN_ENUM_CONVERSION = YES;
				CLANG_WARN_INFINITE_RECURSION = YES;
				CLANG_WARN_INT_CONVERSION = YES;
				CLANG_WARN_NON_LITERAL_NULL_CONVERSION = YES;
				CLANG_WARN_OBJC_IMPLICIT_RETAIN_SELF = YES;
				CLANG_WARN_OBJC_LITERAL_CONVERSION = YES;
				CLANG_WARN_OBJC_ROOT_CLASS = YES_ERROR;
				CLANG_WARN_QUOTED_INCLUDE_IN_FRAMEWORK_HEADER = YES;
				CLANG_WARN_RANGE_LOOP_ANALYSIS = YES;
				CLANG_WARN_STRICT_PROTOTYPES = YES;
				CLANG_WARN_SUSPICIOUS_MOVE = YES;
				CLANG_WARN_UNGUARDED_AVAILABILITY = YES_AGGRESSIVE;
				CLANG_WARN_UNREACHABLE_CODE = YES;
				CLANG_WARN__DUPLICATE_METHOD_MATCH = YES;
				CODE_SIGN_IDENTITY = "iPhone Developer";
				COPY_PHASE_STRIP = NO;
				DEBUG_INFORMATION_FORMAT = dwarf;
				ENABLE_STRICT_OBJC_MSGSEND = YES;
				ENABLE_TESTABILITY = YES;
				GCC_C_LANGUAGE_STANDARD = gnu11;
				GCC_DYNAMIC_NO_PIC = NO;
				GCC_NO_COMMON_BLOCKS = YES;
				GCC_OPTIMIZATION_LEVEL = 0;
				GCC_PREPROCESSOR_DEFINITIONS = (
					"DEBUG=1",
					"$(inherited)",
				);
				GCC_WARN_64_TO_32_BIT_CONVERSION = YES;
				GCC_WARN_ABOUT_RETURN_TYPE = YES_ERROR;
				GCC_WARN_UNDECLARED_SELECTOR = YES;
				GCC_WARN_UNINITIALIZED_AUTOS = YES_AGGRESSIVE;
				GCC_WARN_UNUSED_FUNCTION = YES;
				GCC_WARN_UNUSED_VARIABLE = YES;
				IPHONEOS_DEPLOYMENT_TARGET = 12.1;
				MTL_ENABLE_DEBUG_INFO = INCLUDE_SOURCE;
				MTL_FAST_MATH = YES;
				ONLY_ACTIVE_ARCH = YES;
				SDKROOT = iphoneos;
				SWIFT_ACTIVE_COMPILATION_CONDITIONS = DEBUG;
				SWIFT_OPTIMIZATION_LEVEL = "-Onone";
			};
			name = Debug;
		};
		17D18D4C221D56C5005C647B /* Release */ = {
			isa = XCBuildConfiguration;
			buildSettings = {
				ALWAYS_SEARCH_USER_PATHS = NO;
				CLANG_ANALYZER_LOCALIZABILITY_NONLOCALIZED = YES;
				CLANG_ANALYZER_NONNULL = YES;
				CLANG_ANALYZER_NUMBER_OBJECT_CONVERSION = YES_AGGRESSIVE;
				CLANG_CXX_LANGUAGE_STANDARD = "gnu++14";
				CLANG_CXX_LIBRARY = "libc++";
				CLANG_ENABLE_MODULES = YES;
				CLANG_ENABLE_OBJC_ARC = YES;
				CLANG_ENABLE_OBJC_WEAK = YES;
				CLANG_WARN_BLOCK_CAPTURE_AUTORELEASING = YES;
				CLANG_WARN_BOOL_CONVERSION = YES;
				CLANG_WARN_COMMA = YES;
				CLANG_WARN_CONSTANT_CONVERSION = YES;
				CLANG_WARN_DEPRECATED_OBJC_IMPLEMENTATIONS = YES;
				CLANG_WARN_DIRECT_OBJC_ISA_USAGE = YES_ERROR;
				CLANG_WARN_DOCUMENTATION_COMMENTS = YES;
				CLANG_WARN_EMPTY_BODY = YES;
				CLANG_WARN_ENUM_CONVERSION = YES;
				CLANG_WARN_INFINITE_RECURSION = YES;
				CLANG_WARN_INT_CONVERSION = YES;
				CLANG_WARN_NON_LITERAL_NULL_CONVERSION = YES;
				CLANG_WARN_OBJC_IMPLICIT_RETAIN_SELF = YES;
				CLANG_WARN_OBJC_LITERAL_CONVERSION = YES;
				CLANG_WARN_OBJC_ROOT_CLASS = YES_ERROR;
				CLANG_WARN_QUOTED_INCLUDE_IN_FRAMEWORK_HEADER = YES;
				CLANG_WARN_RANGE_LOOP_ANALYSIS = YES;
				CLANG_WARN_STRICT_PROTOTYPES = YES;
				CLANG_WARN_SUSPICIOUS_MOVE = YES;
				CLANG_WARN_UNGUARDED_AVAILABILITY = YES_AGGRESSIVE;
				CLANG_WARN_UNREACHABLE_CODE = YES;
				CLANG_WARN__DUPLICATE_METHOD_MATCH = YES;
				CODE_SIGN_IDENTITY = "iPhone Developer";
				COPY_PHASE_STRIP = NO;
				DEBUG_INFORMATION_FORMAT = "dwarf-with-dsym";
				ENABLE_NS_ASSERTIONS = NO;
				ENABLE_STRICT_OBJC_MSGSEND = YES;
				GCC_C_LANGUAGE_STANDARD = gnu11;
				GCC_NO_COMMON_BLOCKS = YES;
				GCC_WARN_64_TO_32_BIT_CONVERSION = YES;
				GCC_WARN_ABOUT_RETURN_TYPE = YES_ERROR;
				GCC_WARN_UNDECLARED_SELECTOR = YES;
				GCC_WARN_UNINITIALIZED_AUTOS = YES_AGGRESSIVE;
				GCC_WARN_UNUSED_FUNCTION = YES;
				GCC_WARN_UNUSED_VARIABLE = YES;
				IPHONEOS_DEPLOYMENT_TARGET = 12.1;
				MTL_ENABLE_DEBUG_INFO = NO;
				MTL_FAST_MATH = YES;
				SDKROOT = iphoneos;
				SWIFT_COMPILATION_MODE = wholemodule;
				SWIFT_OPTIMIZATION_LEVEL = "-O";
				VALIDATE_PRODUCT = YES;
			};
			name = Release;
		};
		17D18D4E221D56C5005C647B /* Debug */ = {
			isa = XCBuildConfiguration;
			buildSettings = {
				ALWAYS_EMBED_SWIFT_STANDARD_LIBRARIES = YES;
				ASSETCATALOG_COMPILER_APPICON_NAME = AppIcon;
				CODE_SIGN_ENTITLEMENTS = ToDoList.entitlements;
				CODE_SIGN_STYLE = Automatic;
				CURRENT_PROJECT_VERSION = 1;
				DEBUG_INFORMATION_FORMAT = "dwarf-with-dsym";
				DEVELOPMENT_TEAM = 3999533L99;
				INFOPLIST_FILE = "$(SRCROOT)/Others/Info.plist";
				IPHONEOS_DEPLOYMENT_TARGET = 12.3;
				LD_RUNPATH_SEARCH_PATHS = (
					"$(inherited)",
					"@executable_path/Frameworks",
				);
				MARKETING_VERSION = 1.5.1;
				OTHER_SWIFT_FLAGS = "-D COCOAPODS -D realApp";
				PRODUCT_BUNDLE_IDENTIFIER = ro.randusoft.RSToDoList;
				PRODUCT_NAME = "$(TARGET_NAME)";
				SUPPORTS_MACCATALYST = NO;
				SWIFT_VERSION = 5.0;
				TARGETED_DEVICE_FAMILY = "1,2";
			};
			name = Debug;
		};
		17D18D4F221D56C5005C647B /* Release */ = {
			isa = XCBuildConfiguration;
			buildSettings = {
				ALWAYS_EMBED_SWIFT_STANDARD_LIBRARIES = YES;
				ASSETCATALOG_COMPILER_APPICON_NAME = AppIcon;
				CODE_SIGN_ENTITLEMENTS = ToDoList.entitlements;
				CODE_SIGN_STYLE = Automatic;
				CURRENT_PROJECT_VERSION = 1;
				DEBUG_INFORMATION_FORMAT = "dwarf-with-dsym";
				DEVELOPMENT_TEAM = 3999533L99;
				INFOPLIST_FILE = "$(SRCROOT)/Others/Info.plist";
				IPHONEOS_DEPLOYMENT_TARGET = 12.3;
				LD_RUNPATH_SEARCH_PATHS = (
					"$(inherited)",
					"@executable_path/Frameworks",
				);
				MARKETING_VERSION = 1.5.1;
				OTHER_SWIFT_FLAGS = "-D COCOAPODS -D realApp";
				PRODUCT_BUNDLE_IDENTIFIER = ro.randusoft.RSToDoList;
				PRODUCT_NAME = "$(TARGET_NAME)";
				SUPPORTS_MACCATALYST = NO;
				SWIFT_VERSION = 5.0;
				TARGETED_DEVICE_FAMILY = "1,2";
			};
			name = Release;
		};
/* End XCBuildConfiguration section */

/* Begin XCConfigurationList section */
		1718BE5323CCBB19009D591A /* Build configuration list for PBXNativeTarget "ToDoListWidget" */ = {
			isa = XCConfigurationList;
			buildConfigurations = (
				1718BE5123CCBB19009D591A /* Debug */,
				1718BE5223CCBB19009D591A /* Release */,
			);
			defaultConfigurationIsVisible = 0;
			defaultConfigurationName = Release;
		};
		17278CEA23CE058A0014B8B2 /* Build configuration list for PBXNativeTarget "WatchApp Extension" */ = {
			isa = XCConfigurationList;
			buildConfigurations = (
				17278CE823CE058A0014B8B2 /* Debug */,
				17278CE923CE058A0014B8B2 /* Release */,
			);
			defaultConfigurationIsVisible = 0;
			defaultConfigurationName = Release;
		};
		17278CEB23CE058A0014B8B2 /* Build configuration list for PBXNativeTarget "WatchApp" */ = {
			isa = XCConfigurationList;
			buildConfigurations = (
				17278CE523CE058A0014B8B2 /* Debug */,
				17278CE623CE058A0014B8B2 /* Release */,
			);
			defaultConfigurationIsVisible = 0;
			defaultConfigurationName = Release;
		};
		17D18D36221D56C4005C647B /* Build configuration list for PBXProject "ToDoList" */ = {
			isa = XCConfigurationList;
			buildConfigurations = (
				17D18D4B221D56C5005C647B /* Debug */,
				17D18D4C221D56C5005C647B /* Release */,
			);
			defaultConfigurationIsVisible = 0;
			defaultConfigurationName = Release;
		};
		17D18D4D221D56C5005C647B /* Build configuration list for PBXNativeTarget "ToDoList" */ = {
			isa = XCConfigurationList;
			buildConfigurations = (
				17D18D4E221D56C5005C647B /* Debug */,
				17D18D4F221D56C5005C647B /* Release */,
			);
			defaultConfigurationIsVisible = 0;
			defaultConfigurationName = Release;
		};
/* End XCConfigurationList section */

/* Begin XCRemoteSwiftPackageReference section */
		17E5CE722672872D0096F9FB /* XCRemoteSwiftPackageReference "LKAlertController" */ = {
			isa = XCRemoteSwiftPackageReference;
			repositoryURL = "https://github.com/rursache/LKAlertController";
			requirement = {
				kind = upToNextMajorVersion;
				minimumVersion = 1.13.0;
			};
		};
		17E5CE752672873E0096F9FB /* XCRemoteSwiftPackageReference "RSTextViewMaster" */ = {
			isa = XCRemoteSwiftPackageReference;
			repositoryURL = "https://github.com/rursache/RSTextViewMaster";
			requirement = {
				kind = upToNextMajorVersion;
				minimumVersion = 2.2.0;
			};
		};
		17E5CE782672874B0096F9FB /* XCRemoteSwiftPackageReference "ActiveLabel" */ = {
			isa = XCRemoteSwiftPackageReference;
			repositoryURL = "https://github.com/optonaut/ActiveLabel.swift";
			requirement = {
				kind = upToNextMajorVersion;
				minimumVersion = 1.1.5;
			};
		};
		17E5CE7E267287AD0096F9FB /* XCRemoteSwiftPackageReference "ActionSheetPicker-3" */ = {
			isa = XCRemoteSwiftPackageReference;
			repositoryURL = "https://github.com/rursache/ActionSheetPicker-3.0";
			requirement = {
				kind = upToNextMajorVersion;
				minimumVersion = 3.0.0;
			};
		};
		17E5CE87267287DF0096F9FB /* XCRemoteSwiftPackageReference "Loaf" */ = {
			isa = XCRemoteSwiftPackageReference;
			repositoryURL = "https://github.com/schmidyy/Loaf";
			requirement = {
				kind = upToNextMajorVersion;
				minimumVersion = 0.7.0;
			};
		};
		17E5CE8A267288620096F9FB /* XCRemoteSwiftPackageReference "Robin" */ = {
			isa = XCRemoteSwiftPackageReference;
			repositoryURL = "https://github.com/ahmdx/Robin";
			requirement = {
				kind = upToNextMajorVersion;
				minimumVersion = 0.98.0;
			};
		};
		17E5CE8D267288780096F9FB /* XCRemoteSwiftPackageReference "ImageViewer" */ = {
			isa = XCRemoteSwiftPackageReference;
			repositoryURL = "https://github.com/michaelhenry/ImageViewer.swift";
			requirement = {
				kind = upToNextMajorVersion;
				minimumVersion = 3.3.4;
			};
		};
		17E5CE90267288850096F9FB /* XCRemoteSwiftPackageReference "BulletinBoard" */ = {
			isa = XCRemoteSwiftPackageReference;
			repositoryURL = "https://github.com/alexisakers/BulletinBoard";
			requirement = {
				kind = upToNextMajorVersion;
				minimumVersion = 5.0.0;
			};
		};
		17E5CE93267288FB0096F9FB /* XCRemoteSwiftPackageReference "UnderKeyboard" */ = {
			isa = XCRemoteSwiftPackageReference;
			repositoryURL = "https://github.com/rursache/UnderKeyboard";
			requirement = {
				kind = upToNextMajorVersion;
				minimumVersion = 13.1.0;
			};
		};
		17E5CE9626728A110096F9FB /* XCRemoteSwiftPackageReference "realm-cocoa" */ = {
			isa = XCRemoteSwiftPackageReference;
			repositoryURL = "https://github.com/realm/realm-cocoa";
			requirement = {
				kind = exactVersion;
				version = 10.7.7;
			};
		};
		17E5CE9B26728A1E0096F9FB /* XCRemoteSwiftPackageReference "IceCream" */ = {
			isa = XCRemoteSwiftPackageReference;
			repositoryURL = "https://github.com/rursache/IceCream";
			requirement = {
				kind = upToNextMajorVersion;
				minimumVersion = 2.0.3;
			};
		};
/* End XCRemoteSwiftPackageReference section */

/* Begin XCSwiftPackageProductDependency section */
		170DEDFD2672916600024B70 /* IceCream */ = {
			isa = XCSwiftPackageProductDependency;
			package = 17E5CE9B26728A1E0096F9FB /* XCRemoteSwiftPackageReference "IceCream" */;
			productName = IceCream;
		};
		17E5CE732672872D0096F9FB /* LKAlertController */ = {
			isa = XCSwiftPackageProductDependency;
			package = 17E5CE722672872D0096F9FB /* XCRemoteSwiftPackageReference "LKAlertController" */;
			productName = LKAlertController;
		};
		17E5CE762672873E0096F9FB /* RSTextViewMaster */ = {
			isa = XCSwiftPackageProductDependency;
			package = 17E5CE752672873E0096F9FB /* XCRemoteSwiftPackageReference "RSTextViewMaster" */;
			productName = RSTextViewMaster;
		};
		17E5CE792672874B0096F9FB /* ActiveLabel */ = {
			isa = XCSwiftPackageProductDependency;
			package = 17E5CE782672874B0096F9FB /* XCRemoteSwiftPackageReference "ActiveLabel" */;
			productName = ActiveLabel;
		};
		17E5CE7F267287AD0096F9FB /* ActionSheetPicker-3.0 */ = {
			isa = XCSwiftPackageProductDependency;
			package = 17E5CE7E267287AD0096F9FB /* XCRemoteSwiftPackageReference "ActionSheetPicker-3" */;
			productName = "ActionSheetPicker-3.0";
		};
		17E5CE88267287DF0096F9FB /* Loaf */ = {
			isa = XCSwiftPackageProductDependency;
			package = 17E5CE87267287DF0096F9FB /* XCRemoteSwiftPackageReference "Loaf" */;
			productName = Loaf;
		};
		17E5CE8B267288620096F9FB /* Robin */ = {
			isa = XCSwiftPackageProductDependency;
			package = 17E5CE8A267288620096F9FB /* XCRemoteSwiftPackageReference "Robin" */;
			productName = Robin;
		};
		17E5CE8E267288780096F9FB /* ImageViewer_swift */ = {
			isa = XCSwiftPackageProductDependency;
			package = 17E5CE8D267288780096F9FB /* XCRemoteSwiftPackageReference "ImageViewer" */;
			productName = ImageViewer_swift;
		};
		17E5CE91267288850096F9FB /* BLTNBoard */ = {
			isa = XCSwiftPackageProductDependency;
			package = 17E5CE90267288850096F9FB /* XCRemoteSwiftPackageReference "BulletinBoard" */;
			productName = BLTNBoard;
		};
		17E5CE94267288FB0096F9FB /* UnderKeyboard */ = {
			isa = XCSwiftPackageProductDependency;
			package = 17E5CE93267288FB0096F9FB /* XCRemoteSwiftPackageReference "UnderKeyboard" */;
			productName = UnderKeyboard;
		};
		17E5CE9726728A110096F9FB /* Realm */ = {
			isa = XCSwiftPackageProductDependency;
			package = 17E5CE9626728A110096F9FB /* XCRemoteSwiftPackageReference "realm-cocoa" */;
			productName = Realm;
		};
		17E5CE9926728A110096F9FB /* RealmSwift */ = {
			isa = XCSwiftPackageProductDependency;
			package = 17E5CE9626728A110096F9FB /* XCRemoteSwiftPackageReference "realm-cocoa" */;
			productName = RealmSwift;
		};
		17E5CE9C26728A1E0096F9FB /* IceCream */ = {
			isa = XCSwiftPackageProductDependency;
			package = 17E5CE9B26728A1E0096F9FB /* XCRemoteSwiftPackageReference "IceCream" */;
			productName = IceCream;
		};
		17E5CE9E26728A260096F9FB /* Realm */ = {
			isa = XCSwiftPackageProductDependency;
			package = 17E5CE9626728A110096F9FB /* XCRemoteSwiftPackageReference "realm-cocoa" */;
			productName = Realm;
		};
		17E5CEA026728A260096F9FB /* RealmSwift */ = {
			isa = XCSwiftPackageProductDependency;
			package = 17E5CE9626728A110096F9FB /* XCRemoteSwiftPackageReference "realm-cocoa" */;
			productName = RealmSwift;
		};
		17E5CEA226728A2C0096F9FB /* Realm */ = {
			isa = XCSwiftPackageProductDependency;
			package = 17E5CE9626728A110096F9FB /* XCRemoteSwiftPackageReference "realm-cocoa" */;
			productName = Realm;
		};
		17E5CEA426728A2C0096F9FB /* RealmSwift */ = {
			isa = XCSwiftPackageProductDependency;
			package = 17E5CE9626728A110096F9FB /* XCRemoteSwiftPackageReference "realm-cocoa" */;
			productName = RealmSwift;
		};
		17E5CEA626728AD50096F9FB /* Realm */ = {
			isa = XCSwiftPackageProductDependency;
			package = 17E5CE9626728A110096F9FB /* XCRemoteSwiftPackageReference "realm-cocoa" */;
			productName = Realm;
		};
		17E5CEA826728AD50096F9FB /* RealmSwift */ = {
			isa = XCSwiftPackageProductDependency;
			package = 17E5CE9626728A110096F9FB /* XCRemoteSwiftPackageReference "realm-cocoa" */;
			productName = RealmSwift;
		};
		17E5CEAA26728B540096F9FB /* Realm */ = {
			isa = XCSwiftPackageProductDependency;
			package = 17E5CE9626728A110096F9FB /* XCRemoteSwiftPackageReference "realm-cocoa" */;
			productName = Realm;
		};
		17E5CEAC26728B540096F9FB /* RealmSwift */ = {
			isa = XCSwiftPackageProductDependency;
			package = 17E5CE9626728A110096F9FB /* XCRemoteSwiftPackageReference "realm-cocoa" */;
			productName = RealmSwift;
		};
		17E5CEAE26728B8A0096F9FB /* ImageViewer_swift */ = {
			isa = XCSwiftPackageProductDependency;
			package = 17E5CE8D267288780096F9FB /* XCRemoteSwiftPackageReference "ImageViewer" */;
			productName = ImageViewer_swift;
		};
		17E5CEB026728C430096F9FB /* Robin */ = {
			isa = XCSwiftPackageProductDependency;
			package = 17E5CE8A267288620096F9FB /* XCRemoteSwiftPackageReference "Robin" */;
			productName = Robin;
		};
		17E5CEB226728C4B0096F9FB /* Loaf */ = {
			isa = XCSwiftPackageProductDependency;
			package = 17E5CE87267287DF0096F9FB /* XCRemoteSwiftPackageReference "Loaf" */;
			productName = Loaf;
		};
		17E5CEB426728C740096F9FB /* LKAlertController */ = {
			isa = XCSwiftPackageProductDependency;
			package = 17E5CE722672872D0096F9FB /* XCRemoteSwiftPackageReference "LKAlertController" */;
			productName = LKAlertController;
		};
/* End XCSwiftPackageProductDependency section */
	};
	rootObject = 17D18D33221D56C4005C647B /* Project object */;
}
