// !$*UTF8*$!
{
	archiveVersion = 1;
	classes = {
	};
	objectVersion = 63;
	objects = {

/* Begin PBXBuildFile section */
		176612462C32F86E00B6E78E /* ToDoListUITests.swift in Sources */ = {isa = PBXBuildFile; fileRef = 17E659E02C32E44100C7066C /* ToDoListUITests.swift */; };
		176612482C330C2100B6E78E /* DatabaseActor.swift in Sources */ = {isa = PBXBuildFile; fileRef = 176612472C330C2100B6E78E /* DatabaseActor.swift */; };
		1766124A2C33132000B6E78E /* DatabaseError.swift in Sources */ = {isa = PBXBuildFile; fileRef = 176612492C33132000B6E78E /* DatabaseError.swift */; };
		1766124D2C3316E700B6E78E /* TaskViewModel.swift in Sources */ = {isa = PBXBuildFile; fileRef = 1766124C2C3316E700B6E78E /* TaskViewModel.swift */; };
		1766124F2C331AED00B6E78E /* TaskModel.swift in Sources */ = {isa = PBXBuildFile; fileRef = 1766124E2C331AED00B6E78E /* TaskModel.swift */; };
		176612512C331DB300B6E78E /* TaskItemView.swift in Sources */ = {isa = PBXBuildFile; fileRef = 176612502C331DB300B6E78E /* TaskItemView.swift */; };
		176612552C3320E100B6E78E /* CheckButtonView.swift in Sources */ = {isa = PBXBuildFile; fileRef = 176612542C3320E100B6E78E /* CheckButtonView.swift */; };
		176612572C3324EC00B6E78E /* TaskItemDateButtonView.swift in Sources */ = {isa = PBXBuildFile; fileRef = 176612562C3324EC00B6E78E /* TaskItemDateButtonView.swift */; };
		176612592C3324FE00B6E78E /* TaskItemPriorityButtonView.swift in Sources */ = {isa = PBXBuildFile; fileRef = 176612582C3324FE00B6E78E /* TaskItemPriorityButtonView.swift */; };
		1766125B2C33255200B6E78E /* TaskItemTitleDetailView.swift in Sources */ = {isa = PBXBuildFile; fileRef = 1766125A2C33255200B6E78E /* TaskItemTitleDetailView.swift */; };
		17E659C32C32E44000C7066C /* App.swift in Sources */ = {isa = PBXBuildFile; fileRef = 17E659C22C32E44000C7066C /* App.swift */; };
		17E659C52C32E44000C7066C /* TaskView.swift in Sources */ = {isa = PBXBuildFile; fileRef = 17E659C42C32E44000C7066C /* TaskView.swift */; };
		17E659C72C32E44000C7066C /* ItemModel.swift in Sources */ = {isa = PBXBuildFile; fileRef = 17E659C62C32E44000C7066C /* ItemModel.swift */; };
		17E659C92C32E44100C7066C /* Assets.xcassets in Resources */ = {isa = PBXBuildFile; fileRef = 17E659C82C32E44100C7066C /* Assets.xcassets */; };
		17E659E32C32E44100C7066C /* ToDoListUITestsLaunchTests.swift in Sources */ = {isa = PBXBuildFile; fileRef = 17E659E22C32E44100C7066C /* ToDoListUITestsLaunchTests.swift */; };
		17E659F32C32E95200C7066C /* DatabaseManager.swift in Sources */ = {isa = PBXBuildFile; fileRef = 17E659F22C32E85F00C7066C /* DatabaseManager.swift */; };
		17E659F52C32EE9400C7066C /* AppDelegate.swift in Sources */ = {isa = PBXBuildFile; fileRef = 17E659F42C32EE9400C7066C /* AppDelegate.swift */; };
/* End PBXBuildFile section */

/* Begin PBXContainerItemProxy section */
		17E659D32C32E44100C7066C /* PBXContainerItemProxy */ = {
			isa = PBXContainerItemProxy;
			containerPortal = 17E659B72C32E44000C7066C /* Project object */;
			proxyType = 1;
			remoteGlobalIDString = 17E659BE2C32E44000C7066C;
			remoteInfo = ToDoList;
		};
		17E659DD2C32E44100C7066C /* PBXContainerItemProxy */ = {
			isa = PBXContainerItemProxy;
			containerPortal = 17E659B72C32E44000C7066C /* Project object */;
			proxyType = 1;
			remoteGlobalIDString = 17E659BE2C32E44000C7066C;
			remoteInfo = ToDoList;
		};
/* End PBXContainerItemProxy section */

/* Begin PBXFileReference section */
		176612472C330C2100B6E78E /* DatabaseActor.swift */ = {isa = PBXFileReference; lastKnownFileType = sourcecode.swift; path = DatabaseActor.swift; sourceTree = "<group>"; };
		176612492C33132000B6E78E /* DatabaseError.swift */ = {isa = PBXFileReference; lastKnownFileType = sourcecode.swift; path = DatabaseError.swift; sourceTree = "<group>"; };
		1766124C2C3316E700B6E78E /* TaskViewModel.swift */ = {isa = PBXFileReference; lastKnownFileType = sourcecode.swift; path = TaskViewModel.swift; sourceTree = "<group>"; };
		1766124E2C331AED00B6E78E /* TaskModel.swift */ = {isa = PBXFileReference; lastKnownFileType = sourcecode.swift; path = TaskModel.swift; sourceTree = "<group>"; };
		176612502C331DB300B6E78E /* TaskItemView.swift */ = {isa = PBXFileReference; lastKnownFileType = sourcecode.swift; path = TaskItemView.swift; sourceTree = "<group>"; };
		176612542C3320E100B6E78E /* CheckButtonView.swift */ = {isa = PBXFileReference; lastKnownFileType = sourcecode.swift; path = CheckButtonView.swift; sourceTree = "<group>"; };
		176612562C3324EC00B6E78E /* TaskItemDateButtonView.swift */ = {isa = PBXFileReference; lastKnownFileType = sourcecode.swift; path = TaskItemDateButtonView.swift; sourceTree = "<group>"; };
		176612582C3324FE00B6E78E /* TaskItemPriorityButtonView.swift */ = {isa = PBXFileReference; lastKnownFileType = sourcecode.swift; path = TaskItemPriorityButtonView.swift; sourceTree = "<group>"; };
		1766125A2C33255200B6E78E /* TaskItemTitleDetailView.swift */ = {isa = PBXFileReference; lastKnownFileType = sourcecode.swift; path = TaskItemTitleDetailView.swift; sourceTree = "<group>"; };
		17E659BF2C32E44000C7066C /* ToDoList.app */ = {isa = PBXFileReference; explicitFileType = wrapper.application; includeInIndex = 0; path = ToDoList.app; sourceTree = BUILT_PRODUCTS_DIR; };
		17E659C22C32E44000C7066C /* App.swift */ = {isa = PBXFileReference; lastKnownFileType = sourcecode.swift; path = App.swift; sourceTree = "<group>"; };
		17E659C42C32E44000C7066C /* TaskView.swift */ = {isa = PBXFileReference; lastKnownFileType = sourcecode.swift; path = TaskView.swift; sourceTree = "<group>"; };
		17E659C62C32E44000C7066C /* ItemModel.swift */ = {isa = PBXFileReference; lastKnownFileType = sourcecode.swift; path = ItemModel.swift; sourceTree = "<group>"; };
		17E659C82C32E44100C7066C /* Assets.xcassets */ = {isa = PBXFileReference; lastKnownFileType = folder.assetcatalog; path = Assets.xcassets; sourceTree = "<group>"; };
		17E659CA2C32E44100C7066C /* App.entitlements */ = {isa = PBXFileReference; lastKnownFileType = text.plist.entitlements; path = App.entitlements; sourceTree = "<group>"; };
		17E659D22C32E44100C7066C /* Tests.xctest */ = {isa = PBXFileReference; explicitFileType = wrapper.cfbundle; includeInIndex = 0; path = Tests.xctest; sourceTree = BUILT_PRODUCTS_DIR; };
		17E659D62C32E44100C7066C /* ToDoListTests.swift */ = {isa = PBXFileReference; lastKnownFileType = sourcecode.swift; path = ToDoListTests.swift; sourceTree = "<group>"; };
		17E659DC2C32E44100C7066C /* UITests.xctest */ = {isa = PBXFileReference; explicitFileType = wrapper.cfbundle; includeInIndex = 0; path = UITests.xctest; sourceTree = BUILT_PRODUCTS_DIR; };
		17E659E02C32E44100C7066C /* ToDoListUITests.swift */ = {isa = PBXFileReference; lastKnownFileType = sourcecode.swift; path = ToDoListUITests.swift; sourceTree = "<group>"; };
		17E659E22C32E44100C7066C /* ToDoListUITestsLaunchTests.swift */ = {isa = PBXFileReference; lastKnownFileType = sourcecode.swift; path = ToDoListUITestsLaunchTests.swift; sourceTree = "<group>"; };
		17E659F02C32E4CC00C7066C /* Info.plist */ = {isa = PBXFileReference; lastKnownFileType = text.plist.xml; path = Info.plist; sourceTree = "<group>"; };
		17E659F22C32E85F00C7066C /* DatabaseManager.swift */ = {isa = PBXFileReference; lastKnownFileType = sourcecode.swift; path = DatabaseManager.swift; sourceTree = "<group>"; };
		17E659F42C32EE9400C7066C /* AppDelegate.swift */ = {isa = PBXFileReference; lastKnownFileType = sourcecode.swift; path = AppDelegate.swift; sourceTree = "<group>"; };
/* End PBXFileReference section */

/* Begin PBXFrameworksBuildPhase section */
		17E659BC2C32E44000C7066C /* Frameworks */ = {
			isa = PBXFrameworksBuildPhase;
			buildActionMask = 2147483647;
			files = (
			);
			runOnlyForDeploymentPostprocessing = 0;
		};
		17E659CF2C32E44100C7066C /* Frameworks */ = {
			isa = PBXFrameworksBuildPhase;
			buildActionMask = 2147483647;
			files = (
			);
			runOnlyForDeploymentPostprocessing = 0;
		};
		17E659D92C32E44100C7066C /* Frameworks */ = {
			isa = PBXFrameworksBuildPhase;
			buildActionMask = 2147483647;
			files = (
			);
			runOnlyForDeploymentPostprocessing = 0;
		};
/* End PBXFrameworksBuildPhase section */

/* Begin PBXGroup section */
		1766124B2C3316D900B6E78E /* Models */ = {
			isa = PBXGroup;
			children = (
				1766124E2C331AED00B6E78E /* TaskModel.swift */,
				17E659C62C32E44000C7066C /* ItemModel.swift */,
			);
			path = Models;
			sourceTree = "<group>";
		};
		176612522C3320D000B6E78E /* Shared */ = {
			isa = PBXGroup;
			children = (
				176612532C3320D500B6E78E /* Views */,
			);
			path = Shared;
			sourceTree = "<group>";
		};
		176612532C3320D500B6E78E /* Views */ = {
			isa = PBXGroup;
			children = (
				176612542C3320E100B6E78E /* CheckButtonView.swift */,
			);
			path = Views;
			sourceTree = "<group>";
		};
		1766125C2C33256E00B6E78E /* Views */ = {
			isa = PBXGroup;
			children = (
				176612502C331DB300B6E78E /* TaskItemView.swift */,
				1766125A2C33255200B6E78E /* TaskItemTitleDetailView.swift */,
				176612562C3324EC00B6E78E /* TaskItemDateButtonView.swift */,
				176612582C3324FE00B6E78E /* TaskItemPriorityButtonView.swift */,
			);
			path = Views;
			sourceTree = "<group>";
		};
		1766125D2C33258300B6E78E /* Tasks */ = {
			isa = PBXGroup;
			children = (
				1766125E2C3325A300B6E78E /* List */,
				1766125F2C3325AB00B6E78E /* Detail */,
			);
			path = Tasks;
			sourceTree = "<group>";
		};
		1766125E2C3325A300B6E78E /* List */ = {
			isa = PBXGroup;
			children = (
				17E659C42C32E44000C7066C /* TaskView.swift */,
				1766124C2C3316E700B6E78E /* TaskViewModel.swift */,
				1766125C2C33256E00B6E78E /* Views */,
			);
			path = List;
			sourceTree = "<group>";
		};
		1766125F2C3325AB00B6E78E /* Detail */ = {
			isa = PBXGroup;
			children = (
			);
			path = Detail;
			sourceTree = "<group>";
		};
		17E659B62C32E44000C7066C = {
			isa = PBXGroup;
			children = (
				17E659C82C32E44100C7066C /* Assets.xcassets */,
				17E659C22C32E44000C7066C /* App.swift */,
				17E659F42C32EE9400C7066C /* AppDelegate.swift */,
				176612522C3320D000B6E78E /* Shared */,
				17E659C12C32E44000C7066C /* App */,
				17E659F12C32E85000C7066C /* Database */,
				1766124B2C3316D900B6E78E /* Models */,
				17E659EF2C32E45700C7066C /* Supportive Files */,
				17E659D52C32E44100C7066C /* Tests */,
				17E659DF2C32E44100C7066C /* UITests */,
				17E659C02C32E44000C7066C /* Products */,
			);
			sourceTree = "<group>";
		};
		17E659C02C32E44000C7066C /* Products */ = {
			isa = PBXGroup;
			children = (
				17E659BF2C32E44000C7066C /* ToDoList.app */,
				17E659D22C32E44100C7066C /* Tests.xctest */,
				17E659DC2C32E44100C7066C /* UITests.xctest */,
			);
			name = Products;
			sourceTree = "<group>";
		};
		17E659C12C32E44000C7066C /* App */ = {
			isa = PBXGroup;
			children = (
				1766125D2C33258300B6E78E /* Tasks */,
			);
			path = App;
			sourceTree = "<group>";
		};
		17E659D52C32E44100C7066C /* Tests */ = {
			isa = PBXGroup;
			children = (
				17E659D62C32E44100C7066C /* ToDoListTests.swift */,
			);
			path = Tests;
			sourceTree = "<group>";
		};
		17E659DF2C32E44100C7066C /* UITests */ = {
			isa = PBXGroup;
			children = (
				17E659E02C32E44100C7066C /* ToDoListUITests.swift */,
				17E659E22C32E44100C7066C /* ToDoListUITestsLaunchTests.swift */,
			);
			path = UITests;
			sourceTree = "<group>";
		};
		17E659EF2C32E45700C7066C /* Supportive Files */ = {
			isa = PBXGroup;
			children = (
				17E659CA2C32E44100C7066C /* App.entitlements */,
				17E659F02C32E4CC00C7066C /* Info.plist */,
			);
			path = "Supportive Files";
			sourceTree = "<group>";
		};
		17E659F12C32E85000C7066C /* Database */ = {
			isa = PBXGroup;
			children = (
				17E659F22C32E85F00C7066C /* DatabaseManager.swift */,
				176612472C330C2100B6E78E /* DatabaseActor.swift */,
				176612492C33132000B6E78E /* DatabaseError.swift */,
			);
			path = Database;
			sourceTree = "<group>";
		};
/* End PBXGroup section */

/* Begin PBXNativeTarget section */
		17E659BE2C32E44000C7066C /* ToDoList */ = {
			isa = PBXNativeTarget;
			buildConfigurationList = 17E659E62C32E44100C7066C /* Build configuration list for PBXNativeTarget "ToDoList" */;
			buildPhases = (
				17E659BB2C32E44000C7066C /* Sources */,
				17E659BC2C32E44000C7066C /* Frameworks */,
				17E659BD2C32E44000C7066C /* Resources */,
			);
			buildRules = (
			);
			dependencies = (
			);
			name = ToDoList;
			productName = ToDoList;
			productReference = 17E659BF2C32E44000C7066C /* ToDoList.app */;
			productType = "com.apple.product-type.application";
		};
		17E659D12C32E44100C7066C /* Tests */ = {
			isa = PBXNativeTarget;
			buildConfigurationList = 17E659E92C32E44100C7066C /* Build configuration list for PBXNativeTarget "Tests" */;
			buildPhases = (
				17E659CE2C32E44100C7066C /* Sources */,
				17E659CF2C32E44100C7066C /* Frameworks */,
				17E659D02C32E44100C7066C /* Resources */,
			);
			buildRules = (
			);
			dependencies = (
				17E659D42C32E44100C7066C /* PBXTargetDependency */,
			);
			name = Tests;
			productName = ToDoListTests;
			productReference = 17E659D22C32E44100C7066C /* Tests.xctest */;
			productType = "com.apple.product-type.bundle.unit-test";
		};
		17E659DB2C32E44100C7066C /* UITests */ = {
			isa = PBXNativeTarget;
			buildConfigurationList = 17E659EC2C32E44100C7066C /* Build configuration list for PBXNativeTarget "UITests" */;
			buildPhases = (
				17E659D82C32E44100C7066C /* Sources */,
				17E659D92C32E44100C7066C /* Frameworks */,
				17E659DA2C32E44100C7066C /* Resources */,
			);
			buildRules = (
			);
			dependencies = (
				17E659DE2C32E44100C7066C /* PBXTargetDependency */,
			);
			name = UITests;
			productName = ToDoListUITests;
			productReference = 17E659DC2C32E44100C7066C /* UITests.xctest */;
			productType = "com.apple.product-type.bundle.ui-testing";
		};
/* End PBXNativeTarget section */

/* Begin PBXProject section */
		17E659B72C32E44000C7066C /* Project object */ = {
			isa = PBXProject;
			attributes = {
				BuildIndependentTargetsInParallel = 1;
				LastSwiftUpdateCheck = 1600;
				LastUpgradeCheck = 1600;
				ORGANIZATIONNAME = RanduSoft;
				TargetAttributes = {
					17E659BE2C32E44000C7066C = {
						CreatedOnToolsVersion = 16.0;
					};
					17E659D12C32E44100C7066C = {
						CreatedOnToolsVersion = 16.0;
						TestTargetID = 17E659BE2C32E44000C7066C;
					};
					17E659DB2C32E44100C7066C = {
						CreatedOnToolsVersion = 16.0;
						TestTargetID = 17E659BE2C32E44000C7066C;
					};
				};
			};
			buildConfigurationList = 17E659BA2C32E44000C7066C /* Build configuration list for PBXProject "ToDoList" */;
			compatibilityVersion = "Xcode 15.3";
			developmentRegion = en;
			hasScannedForEncodings = 0;
			knownRegions = (
				en,
				Base,
			);
			mainGroup = 17E659B62C32E44000C7066C;
			productRefGroup = 17E659C02C32E44000C7066C /* Products */;
			projectDirPath = "";
			projectRoot = "";
			targets = (
				17E659BE2C32E44000C7066C /* ToDoList */,
				17E659D12C32E44100C7066C /* Tests */,
				17E659DB2C32E44100C7066C /* UITests */,
			);
		};
/* End PBXProject section */

/* Begin PBXResourcesBuildPhase section */
		17E659BD2C32E44000C7066C /* Resources */ = {
			isa = PBXResourcesBuildPhase;
			buildActionMask = 2147483647;
			files = (
				17E659C92C32E44100C7066C /* Assets.xcassets in Resources */,
			);
			runOnlyForDeploymentPostprocessing = 0;
		};
		17E659D02C32E44100C7066C /* Resources */ = {
			isa = PBXResourcesBuildPhase;
			buildActionMask = 2147483647;
			files = (
			);
			runOnlyForDeploymentPostprocessing = 0;
		};
		17E659DA2C32E44100C7066C /* Resources */ = {
			isa = PBXResourcesBuildPhase;
			buildActionMask = 2147483647;
			files = (
			);
			runOnlyForDeploymentPostprocessing = 0;
		};
/* End PBXResourcesBuildPhase section */

/* Begin PBXSourcesBuildPhase section */
		17E659BB2C32E44000C7066C /* Sources */ = {
			isa = PBXSourcesBuildPhase;
			buildActionMask = 2147483647;
			files = (
				176612512C331DB300B6E78E /* TaskItemView.swift in Sources */,
				1766124A2C33132000B6E78E /* DatabaseError.swift in Sources */,
				176612482C330C2100B6E78E /* DatabaseActor.swift in Sources */,
				17E659F32C32E95200C7066C /* DatabaseManager.swift in Sources */,
				1766124D2C3316E700B6E78E /* TaskViewModel.swift in Sources */,
				17E659C52C32E44000C7066C /* TaskView.swift in Sources */,
				176612572C3324EC00B6E78E /* TaskItemDateButtonView.swift in Sources */,
				17E659C72C32E44000C7066C /* ItemModel.swift in Sources */,
				176612552C3320E100B6E78E /* CheckButtonView.swift in Sources */,
				17E659F52C32EE9400C7066C /* AppDelegate.swift in Sources */,
				1766125B2C33255200B6E78E /* TaskItemTitleDetailView.swift in Sources */,
				176612592C3324FE00B6E78E /* TaskItemPriorityButtonView.swift in Sources */,
				1766124F2C331AED00B6E78E /* TaskModel.swift in Sources */,
				17E659C32C32E44000C7066C /* App.swift in Sources */,
			);
			runOnlyForDeploymentPostprocessing = 0;
		};
		17E659CE2C32E44100C7066C /* Sources */ = {
			isa = PBXSourcesBuildPhase;
			buildActionMask = 2147483647;
			files = (
			);
			runOnlyForDeploymentPostprocessing = 0;
		};
		17E659D82C32E44100C7066C /* Sources */ = {
			isa = PBXSourcesBuildPhase;
			buildActionMask = 2147483647;
			files = (
				17E659E32C32E44100C7066C /* ToDoListUITestsLaunchTests.swift in Sources */,
				176612462C32F86E00B6E78E /* ToDoListUITests.swift in Sources */,
			);
			runOnlyForDeploymentPostprocessing = 0;
		};
/* End PBXSourcesBuildPhase section */

/* Begin PBXTargetDependency section */
		17E659D42C32E44100C7066C /* PBXTargetDependency */ = {
			isa = PBXTargetDependency;
			target = 17E659BE2C32E44000C7066C /* ToDoList */;
			targetProxy = 17E659D32C32E44100C7066C /* PBXContainerItemProxy */;
		};
		17E659DE2C32E44100C7066C /* PBXTargetDependency */ = {
			isa = PBXTargetDependency;
			target = 17E659BE2C32E44000C7066C /* ToDoList */;
			targetProxy = 17E659DD2C32E44100C7066C /* PBXContainerItemProxy */;
		};
/* End PBXTargetDependency section */

/* Begin XCBuildConfiguration section */
		17E659E42C32E44100C7066C /* Debug */ = {
			isa = XCBuildConfiguration;
			buildSettings = {
				ALWAYS_SEARCH_USER_PATHS = NO;
				ASSETCATALOG_COMPILER_GENERATE_SWIFT_ASSET_SYMBOL_EXTENSIONS = YES;
				CLANG_ANALYZER_NONNULL = YES;
				CLANG_ANALYZER_NUMBER_OBJECT_CONVERSION = YES_AGGRESSIVE;
				CLANG_CXX_LANGUAGE_STANDARD = "gnu++20";
				CLANG_ENABLE_MODULES = YES;
				CLANG_ENABLE_OBJC_ARC = YES;
				CLANG_ENABLE_OBJC_WEAK = YES;
				CLANG_WARN_BLOCK_CAPTURE_AUTORELEASING = YES;
				CLANG_WARN_BOOL_CONVERSION = YES;
				CLANG_WARN_COMMA = YES;
				CLANG_WARN_CONSTANT_CONVERSION = YES;
				CLANG_WARN_DEPRECATED_OBJC_IMPLEMENTATIONS = YES;
				CLANG_WARN_DIRECT_OBJC_ISA_USAGE = YES_ERROR;
				CLANG_WARN_DOCUMENTATION_COMMENTS = YES;
				CLANG_WARN_EMPTY_BODY = YES;
				CLANG_WARN_ENUM_CONVERSION = YES;
				CLANG_WARN_INFINITE_RECURSION = YES;
				CLANG_WARN_INT_CONVERSION = YES;
				CLANG_WARN_NON_LITERAL_NULL_CONVERSION = YES;
				CLANG_WARN_OBJC_IMPLICIT_RETAIN_SELF = YES;
				CLANG_WARN_OBJC_LITERAL_CONVERSION = YES;
				CLANG_WARN_OBJC_ROOT_CLASS = YES_ERROR;
				CLANG_WARN_QUOTED_INCLUDE_IN_FRAMEWORK_HEADER = YES;
				CLANG_WARN_RANGE_LOOP_ANALYSIS = YES;
				CLANG_WARN_STRICT_PROTOTYPES = YES;
				CLANG_WARN_SUSPICIOUS_MOVE = YES;
				CLANG_WARN_UNGUARDED_AVAILABILITY = YES_AGGRESSIVE;
				CLANG_WARN_UNREACHABLE_CODE = YES;
				CLANG_WARN__DUPLICATE_METHOD_MATCH = YES;
				COPY_PHASE_STRIP = NO;
				DEBUG_INFORMATION_FORMAT = dwarf;
				ENABLE_STRICT_OBJC_MSGSEND = YES;
				ENABLE_TESTABILITY = YES;
				ENABLE_USER_SCRIPT_SANDBOXING = YES;
				GCC_C_LANGUAGE_STANDARD = gnu17;
				GCC_DYNAMIC_NO_PIC = NO;
				GCC_NO_COMMON_BLOCKS = YES;
				GCC_OPTIMIZATION_LEVEL = 0;
				GCC_PREPROCESSOR_DEFINITIONS = (
					"DEBUG=1",
					"$(inherited)",
				);
				GCC_WARN_64_TO_32_BIT_CONVERSION = YES;
				GCC_WARN_ABOUT_RETURN_TYPE = YES_ERROR;
				GCC_WARN_UNDECLARED_SELECTOR = YES;
				GCC_WARN_UNINITIALIZED_AUTOS = YES_AGGRESSIVE;
				GCC_WARN_UNUSED_FUNCTION = YES;
				GCC_WARN_UNUSED_VARIABLE = YES;
				LOCALIZATION_PREFERS_STRING_CATALOGS = YES;
				MTL_ENABLE_DEBUG_INFO = INCLUDE_SOURCE;
				MTL_FAST_MATH = YES;
				ONLY_ACTIVE_ARCH = YES;
				SWIFT_ACTIVE_COMPILATION_CONDITIONS = "DEBUG $(inherited)";
				SWIFT_OPTIMIZATION_LEVEL = "-Onone";
			};
			name = Debug;
		};
		17E659E52C32E44100C7066C /* Release */ = {
			isa = XCBuildConfiguration;
			buildSettings = {
				ALWAYS_SEARCH_USER_PATHS = NO;
				ASSETCATALOG_COMPILER_GENERATE_SWIFT_ASSET_SYMBOL_EXTENSIONS = YES;
				CLANG_ANALYZER_NONNULL = YES;
				CLANG_ANALYZER_NUMBER_OBJECT_CONVERSION = YES_AGGRESSIVE;
				CLANG_CXX_LANGUAGE_STANDARD = "gnu++20";
				CLANG_ENABLE_MODULES = YES;
				CLANG_ENABLE_OBJC_ARC = YES;
				CLANG_ENABLE_OBJC_WEAK = YES;
				CLANG_WARN_BLOCK_CAPTURE_AUTORELEASING = YES;
				CLANG_WARN_BOOL_CONVERSION = YES;
				CLANG_WARN_COMMA = YES;
				CLANG_WARN_CONSTANT_CONVERSION = YES;
				CLANG_WARN_DEPRECATED_OBJC_IMPLEMENTATIONS = YES;
				CLANG_WARN_DIRECT_OBJC_ISA_USAGE = YES_ERROR;
				CLANG_WARN_DOCUMENTATION_COMMENTS = YES;
				CLANG_WARN_EMPTY_BODY = YES;
				CLANG_WARN_ENUM_CONVERSION = YES;
				CLANG_WARN_INFINITE_RECURSION = YES;
				CLANG_WARN_INT_CONVERSION = YES;
				CLANG_WARN_NON_LITERAL_NULL_CONVERSION = YES;
				CLANG_WARN_OBJC_IMPLICIT_RETAIN_SELF = YES;
				CLANG_WARN_OBJC_LITERAL_CONVERSION = YES;
				CLANG_WARN_OBJC_ROOT_CLASS = YES_ERROR;
				CLANG_WARN_QUOTED_INCLUDE_IN_FRAMEWORK_HEADER = YES;
				CLANG_WARN_RANGE_LOOP_ANALYSIS = YES;
				CLANG_WARN_STRICT_PROTOTYPES = YES;
				CLANG_WARN_SUSPICIOUS_MOVE = YES;
				CLANG_WARN_UNGUARDED_AVAILABILITY = YES_AGGRESSIVE;
				CLANG_WARN_UNREACHABLE_CODE = YES;
				CLANG_WARN__DUPLICATE_METHOD_MATCH = YES;
				COPY_PHASE_STRIP = NO;
				DEBUG_INFORMATION_FORMAT = "dwarf-with-dsym";
				ENABLE_NS_ASSERTIONS = NO;
				ENABLE_STRICT_OBJC_MSGSEND = YES;
				ENABLE_USER_SCRIPT_SANDBOXING = YES;
				GCC_C_LANGUAGE_STANDARD = gnu17;
				GCC_NO_COMMON_BLOCKS = YES;
				GCC_WARN_64_TO_32_BIT_CONVERSION = YES;
				GCC_WARN_ABOUT_RETURN_TYPE = YES_ERROR;
				GCC_WARN_UNDECLARED_SELECTOR = YES;
				GCC_WARN_UNINITIALIZED_AUTOS = YES_AGGRESSIVE;
				GCC_WARN_UNUSED_FUNCTION = YES;
				GCC_WARN_UNUSED_VARIABLE = YES;
				LOCALIZATION_PREFERS_STRING_CATALOGS = YES;
				MTL_ENABLE_DEBUG_INFO = NO;
				MTL_FAST_MATH = YES;
				SWIFT_COMPILATION_MODE = wholemodule;
			};
			name = Release;
		};
		17E659E72C32E44100C7066C /* Debug */ = {
			isa = XCBuildConfiguration;
			buildSettings = {
				ASSETCATALOG_COMPILER_APPICON_NAME = AppIcon;
				ASSETCATALOG_COMPILER_GLOBAL_ACCENT_COLOR_NAME = AccentColor;
				ASSETCATALOG_COMPILER_INCLUDE_ALL_APPICON_ASSETS = YES;
				CODE_SIGN_ENTITLEMENTS = "Supportive Files/App.entitlements";
				CODE_SIGN_STYLE = Automatic;
				CURRENT_PROJECT_VERSION = 1;
				DEVELOPMENT_TEAM = 3999533L99;
				ENABLE_HARDENED_RUNTIME = YES;
				ENABLE_PREVIEWS = YES;
				GENERATE_INFOPLIST_FILE = YES;
				INFOPLIST_FILE = "Supportive Files/Info.plist";
				INFOPLIST_KEY_CFBundleDisplayName = ToDoList;
				INFOPLIST_KEY_LSApplicationCategoryType = "public.app-category.utilities";
				"INFOPLIST_KEY_UIApplicationSceneManifest_Generation[sdk=iphoneos*]" = YES;
				"INFOPLIST_KEY_UIApplicationSceneManifest_Generation[sdk=iphonesimulator*]" = YES;
				"INFOPLIST_KEY_UIApplicationSupportsIndirectInputEvents[sdk=iphoneos*]" = YES;
				"INFOPLIST_KEY_UIApplicationSupportsIndirectInputEvents[sdk=iphonesimulator*]" = YES;
				"INFOPLIST_KEY_UILaunchScreen_Generation[sdk=iphoneos*]" = YES;
				"INFOPLIST_KEY_UILaunchScreen_Generation[sdk=iphonesimulator*]" = YES;
				"INFOPLIST_KEY_UIStatusBarStyle[sdk=iphoneos*]" = UIStatusBarStyleDefault;
				"INFOPLIST_KEY_UIStatusBarStyle[sdk=iphonesimulator*]" = UIStatusBarStyleDefault;
				INFOPLIST_KEY_UISupportedInterfaceOrientations = UIInterfaceOrientationPortrait;
				INFOPLIST_KEY_UISupportedInterfaceOrientations_iPad = "UIInterfaceOrientationLandscapeLeft UIInterfaceOrientationLandscapeRight UIInterfaceOrientationPortrait UIInterfaceOrientationPortraitUpsideDown";
				IPHONEOS_DEPLOYMENT_TARGET = 17.0;
				LD_RUNPATH_SEARCH_PATHS = "@executable_path/Frameworks";
				"LD_RUNPATH_SEARCH_PATHS[sdk=macosx*]" = "@executable_path/../Frameworks";
				MACOSX_DEPLOYMENT_TARGET = 14.0;
				MARKETING_VERSION = 1.0;
				PRODUCT_BUNDLE_IDENTIFIER = ro.randusoft.todolist;
				PRODUCT_NAME = "$(TARGET_NAME)";
				SDKROOT = auto;
				SUPPORTED_PLATFORMS = "iphoneos iphonesimulator";
				SUPPORTS_MACCATALYST = NO;
				SWIFT_EMIT_LOC_STRINGS = YES;
				SWIFT_VERSION = 5.0;
				TARGETED_DEVICE_FAMILY = "1,2";
				XROS_DEPLOYMENT_TARGET = 2.0;
			};
			name = Debug;
		};
		17E659E82C32E44100C7066C /* Release */ = {
			isa = XCBuildConfiguration;
			buildSettings = {
				ASSETCATALOG_COMPILER_APPICON_NAME = AppIcon;
				ASSETCATALOG_COMPILER_GLOBAL_ACCENT_COLOR_NAME = AccentColor;
				ASSETCATALOG_COMPILER_INCLUDE_ALL_APPICON_ASSETS = YES;
				CODE_SIGN_ENTITLEMENTS = "Supportive Files/App.entitlements";
				CODE_SIGN_STYLE = Automatic;
				CURRENT_PROJECT_VERSION = 1;
				DEVELOPMENT_TEAM = 3999533L99;
				ENABLE_HARDENED_RUNTIME = YES;
				ENABLE_PREVIEWS = YES;
				GENERATE_INFOPLIST_FILE = YES;
				INFOPLIST_FILE = "Supportive Files/Info.plist";
				INFOPLIST_KEY_CFBundleDisplayName = ToDoList;
				INFOPLIST_KEY_LSApplicationCategoryType = "public.app-category.utilities";
				"INFOPLIST_KEY_UIApplicationSceneManifest_Generation[sdk=iphoneos*]" = YES;
				"INFOPLIST_KEY_UIApplicationSceneManifest_Generation[sdk=iphonesimulator*]" = YES;
				"INFOPLIST_KEY_UIApplicationSupportsIndirectInputEvents[sdk=iphoneos*]" = YES;
				"INFOPLIST_KEY_UIApplicationSupportsIndirectInputEvents[sdk=iphonesimulator*]" = YES;
				"INFOPLIST_KEY_UILaunchScreen_Generation[sdk=iphoneos*]" = YES;
				"INFOPLIST_KEY_UILaunchScreen_Generation[sdk=iphonesimulator*]" = YES;
				"INFOPLIST_KEY_UIStatusBarStyle[sdk=iphoneos*]" = UIStatusBarStyleDefault;
				"INFOPLIST_KEY_UIStatusBarStyle[sdk=iphonesimulator*]" = UIStatusBarStyleDefault;
				INFOPLIST_KEY_UISupportedInterfaceOrientations = UIInterfaceOrientationPortrait;
				INFOPLIST_KEY_UISupportedInterfaceOrientations_iPad = "UIInterfaceOrientationLandscapeLeft UIInterfaceOrientationLandscapeRight UIInterfaceOrientationPortrait UIInterfaceOrientationPortraitUpsideDown";
				IPHONEOS_DEPLOYMENT_TARGET = 17.0;
				LD_RUNPATH_SEARCH_PATHS = "@executable_path/Frameworks";
				"LD_RUNPATH_SEARCH_PATHS[sdk=macosx*]" = "@executable_path/../Frameworks";
				MACOSX_DEPLOYMENT_TARGET = 14.0;
				MARKETING_VERSION = 1.0;
				PRODUCT_BUNDLE_IDENTIFIER = ro.randusoft.todolist;
				PRODUCT_NAME = "$(TARGET_NAME)";
				SDKROOT = auto;
				SUPPORTED_PLATFORMS = "iphoneos iphonesimulator";
				SUPPORTS_MACCATALYST = NO;
				SWIFT_EMIT_LOC_STRINGS = YES;
				SWIFT_VERSION = 5.0;
				TARGETED_DEVICE_FAMILY = "1,2";
				XROS_DEPLOYMENT_TARGET = 2.0;
			};
			name = Release;
		};
		17E659EA2C32E44100C7066C /* Debug */ = {
			isa = XCBuildConfiguration;
			buildSettings = {
				BUNDLE_LOADER = "$(TEST_HOST)";
				CODE_SIGN_STYLE = Automatic;
				CURRENT_PROJECT_VERSION = 1;
				DEVELOPMENT_TEAM = 3999533L99;
				GENERATE_INFOPLIST_FILE = YES;
				IPHONEOS_DEPLOYMENT_TARGET = 18.0;
				MACOSX_DEPLOYMENT_TARGET = 14.5;
				MARKETING_VERSION = 1.0;
				PRODUCT_BUNDLE_IDENTIFIER = ro.randusoft.ToDoListTests;
				PRODUCT_NAME = "$(TARGET_NAME)";
				SDKROOT = auto;
				SUPPORTED_PLATFORMS = "iphoneos iphonesimulator macosx xros xrsimulator";
				SWIFT_EMIT_LOC_STRINGS = NO;
				SWIFT_VERSION = 5.0;
				TARGETED_DEVICE_FAMILY = "1,2,7";
				TEST_HOST = "$(BUILT_PRODUCTS_DIR)/ToDoList.app/$(BUNDLE_EXECUTABLE_FOLDER_PATH)/ToDoList";
				XROS_DEPLOYMENT_TARGET = 2.0;
			};
			name = Debug;
		};
		17E659EB2C32E44100C7066C /* Release */ = {
			isa = XCBuildConfiguration;
			buildSettings = {
				BUNDLE_LOADER = "$(TEST_HOST)";
				CODE_SIGN_STYLE = Automatic;
				CURRENT_PROJECT_VERSION = 1;
				DEVELOPMENT_TEAM = 3999533L99;
				GENERATE_INFOPLIST_FILE = YES;
				IPHONEOS_DEPLOYMENT_TARGET = 18.0;
				MACOSX_DEPLOYMENT_TARGET = 14.5;
				MARKETING_VERSION = 1.0;
				PRODUCT_BUNDLE_IDENTIFIER = ro.randusoft.ToDoListTests;
				PRODUCT_NAME = "$(TARGET_NAME)";
				SDKROOT = auto;
				SUPPORTED_PLATFORMS = "iphoneos iphonesimulator macosx xros xrsimulator";
				SWIFT_EMIT_LOC_STRINGS = NO;
				SWIFT_VERSION = 5.0;
				TARGETED_DEVICE_FAMILY = "1,2,7";
				TEST_HOST = "$(BUILT_PRODUCTS_DIR)/ToDoList.app/$(BUNDLE_EXECUTABLE_FOLDER_PATH)/ToDoList";
				XROS_DEPLOYMENT_TARGET = 2.0;
			};
			name = Release;
		};
		17E659ED2C32E44100C7066C /* Debug */ = {
			isa = XCBuildConfiguration;
			buildSettings = {
				CODE_SIGN_STYLE = Automatic;
				CURRENT_PROJECT_VERSION = 1;
				DEVELOPMENT_TEAM = 3999533L99;
				GENERATE_INFOPLIST_FILE = YES;
				IPHONEOS_DEPLOYMENT_TARGET = 18.0;
				MACOSX_DEPLOYMENT_TARGET = 14.5;
				MARKETING_VERSION = 1.0;
				PRODUCT_BUNDLE_IDENTIFIER = ro.randusoft.ToDoListUITests;
				PRODUCT_NAME = "$(TARGET_NAME)";
				SDKROOT = auto;
				SUPPORTED_PLATFORMS = "iphoneos iphonesimulator macosx xros xrsimulator";
				SWIFT_EMIT_LOC_STRINGS = NO;
				SWIFT_VERSION = 5.0;
				TARGETED_DEVICE_FAMILY = "1,2,7";
				TEST_TARGET_NAME = ToDoList;
				XROS_DEPLOYMENT_TARGET = 2.0;
			};
			name = Debug;
		};
		17E659EE2C32E44100C7066C /* Release */ = {
			isa = XCBuildConfiguration;
			buildSettings = {
				CODE_SIGN_STYLE = Automatic;
				CURRENT_PROJECT_VERSION = 1;
				DEVELOPMENT_TEAM = 3999533L99;
				GENERATE_INFOPLIST_FILE = YES;
				IPHONEOS_DEPLOYMENT_TARGET = 18.0;
				MACOSX_DEPLOYMENT_TARGET = 14.5;
				MARKETING_VERSION = 1.0;
				PRODUCT_BUNDLE_IDENTIFIER = ro.randusoft.ToDoListUITests;
				PRODUCT_NAME = "$(TARGET_NAME)";
				SDKROOT = auto;
				SUPPORTED_PLATFORMS = "iphoneos iphonesimulator macosx xros xrsimulator";
				SWIFT_EMIT_LOC_STRINGS = NO;
				SWIFT_VERSION = 5.0;
				TARGETED_DEVICE_FAMILY = "1,2,7";
				TEST_TARGET_NAME = ToDoList;
				XROS_DEPLOYMENT_TARGET = 2.0;
			};
			name = Release;
		};
/* End XCBuildConfiguration section */

/* Begin XCConfigurationList section */
		17E659BA2C32E44000C7066C /* Build configuration list for PBXProject "ToDoList" */ = {
			isa = XCConfigurationList;
			buildConfigurations = (
				17E659E42C32E44100C7066C /* Debug */,
				17E659E52C32E44100C7066C /* Release */,
			);
			defaultConfigurationIsVisible = 0;
			defaultConfigurationName = Release;
		};
		17E659E62C32E44100C7066C /* Build configuration list for PBXNativeTarget "ToDoList" */ = {
			isa = XCConfigurationList;
			buildConfigurations = (
				17E659E72C32E44100C7066C /* Debug */,
				17E659E82C32E44100C7066C /* Release */,
			);
			defaultConfigurationIsVisible = 0;
			defaultConfigurationName = Release;
		};
		17E659E92C32E44100C7066C /* Build configuration list for PBXNativeTarget "Tests" */ = {
			isa = XCConfigurationList;
			buildConfigurations = (
				17E659EA2C32E44100C7066C /* Debug */,
				17E659EB2C32E44100C7066C /* Release */,
			);
			defaultConfigurationIsVisible = 0;
			defaultConfigurationName = Release;
		};
		17E659EC2C32E44100C7066C /* Build configuration list for PBXNativeTarget "UITests" */ = {
			isa = XCConfigurationList;
			buildConfigurations = (
				17E659ED2C32E44100C7066C /* Debug */,
				17E659EE2C32E44100C7066C /* Release */,
			);
			defaultConfigurationIsVisible = 0;
			defaultConfigurationName = Release;
		};
/* End XCConfigurationList section */
	};
	rootObject = 17E659B72C32E44000C7066C /* Project object */;
}
